// !$*UTF8*$!
{
	archiveVersion = 1;
	classes = {
	};
	objectVersion = 56;
	objects = {

/* Begin PBXBuildFile section */
		0256BAF42B0EEDE100A0AE95 /* ImagePicker.swift in Sources */ = {isa = PBXBuildFile; fileRef = 0256BAF32B0EEDE100A0AE95 /* ImagePicker.swift */; };
		02651B6B2B0FFFF0006B5E87 /* LoginView.swift in Sources */ = {isa = PBXBuildFile; fileRef = 02651B6A2B0FFFF0006B5E87 /* LoginView.swift */; };
		02651B6D2B100000006B5E87 /* RegistrationView.swift in Sources */ = {isa = PBXBuildFile; fileRef = 02651B6C2B100000006B5E87 /* RegistrationView.swift */; };
		02651B6F2B100024006B5E87 /* ResetPasswordView.swift in Sources */ = {isa = PBXBuildFile; fileRef = 02651B6E2B100024006B5E87 /* ResetPasswordView.swift */; };
		02651B732B10068B006B5E87 /* CustomTextField.swift in Sources */ = {isa = PBXBuildFile; fileRef = 02651B722B10068B006B5E87 /* CustomTextField.swift */; };
		02651B752B10069F006B5E87 /* CustomSecuredField.swift in Sources */ = {isa = PBXBuildFile; fileRef = 02651B742B10069F006B5E87 /* CustomSecuredField.swift */; };
		026769912B09B505003037ED /* SearchBar.swift in Sources */ = {isa = PBXBuildFile; fileRef = 026769902B09B505003037ED /* SearchBar.swift */; };
		027D1F1D2B0AF14500D516B3 /* PostGridView.swift in Sources */ = {isa = PBXBuildFile; fileRef = 027D1F1C2B0AF14500D516B3 /* PostGridView.swift */; };
		027D1F1F2B0AF2FC00D516B3 /* UserCell.swift in Sources */ = {isa = PBXBuildFile; fileRef = 027D1F1E2B0AF2FC00D516B3 /* UserCell.swift */; };
		027D1F212B0AF30F00D516B3 /* UserListView.swift in Sources */ = {isa = PBXBuildFile; fileRef = 027D1F202B0AF30F00D516B3 /* UserListView.swift */; };
		027D1F232B0AF7EF00D516B3 /* Extensions.swift in Sources */ = {isa = PBXBuildFile; fileRef = 027D1F222B0AF7EF00D516B3 /* Extensions.swift */; };
		0287CB6E2B0E793300622872 /* NotificationCell.swift in Sources */ = {isa = PBXBuildFile; fileRef = 0287CB6D2B0E793300622872 /* NotificationCell.swift */; };
		0287CB702B0E7C0100622872 /* ProfileHeaderView.swift in Sources */ = {isa = PBXBuildFile; fileRef = 0287CB6F2B0E7C0100622872 /* ProfileHeaderView.swift */; };
		0287CB722B0E80E000622872 /* UserStatView.swift in Sources */ = {isa = PBXBuildFile; fileRef = 0287CB712B0E80E000622872 /* UserStatView.swift */; };
		0287CB742B0E824700622872 /* ProfileActionButtonView.swift in Sources */ = {isa = PBXBuildFile; fileRef = 0287CB732B0E824700622872 /* ProfileActionButtonView.swift */; };
		0294D42C2B09308800D118BA /* InstagramSwiftUITutorialApp.swift in Sources */ = {isa = PBXBuildFile; fileRef = 0294D42B2B09308800D118BA /* InstagramSwiftUITutorialApp.swift */; };
		0294D4302B09308800D118BA /* Assets.xcassets in Resources */ = {isa = PBXBuildFile; fileRef = 0294D42F2B09308800D118BA /* Assets.xcassets */; };
		0294D4332B09308800D118BA /* Preview Assets.xcassets in Resources */ = {isa = PBXBuildFile; fileRef = 0294D4322B09308800D118BA /* Preview Assets.xcassets */; };
		0294D4402B09319200D118BA /* ContentView.swift in Sources */ = {isa = PBXBuildFile; fileRef = 0294D43F2B09319200D118BA /* ContentView.swift */; };
		0294D44E2B09332B00D118BA /* MainTabView.swift in Sources */ = {isa = PBXBuildFile; fileRef = 0294D44D2B09332B00D118BA /* MainTabView.swift */; };
		0294D4502B09336400D118BA /* FeedView.swift in Sources */ = {isa = PBXBuildFile; fileRef = 0294D44F2B09336400D118BA /* FeedView.swift */; };
		0294D4522B09338F00D118BA /* SearchView.swift in Sources */ = {isa = PBXBuildFile; fileRef = 0294D4512B09338F00D118BA /* SearchView.swift */; };
		0294D4542B09339B00D118BA /* NotificationsView.swift in Sources */ = {isa = PBXBuildFile; fileRef = 0294D4532B09339B00D118BA /* NotificationsView.swift */; };
		0294D4562B0933A700D118BA /* ProfileView.swift in Sources */ = {isa = PBXBuildFile; fileRef = 0294D4552B0933A700D118BA /* ProfileView.swift */; };
		0294D4582B0933C500D118BA /* UploadPostView.swift in Sources */ = {isa = PBXBuildFile; fileRef = 0294D4572B0933C500D118BA /* UploadPostView.swift */; };
		0294D45A2B09375F00D118BA /* FeedCell.swift in Sources */ = {isa = PBXBuildFile; fileRef = 0294D4592B09375F00D118BA /* FeedCell.swift */; };
		02CEBE592B10A25C009E3A8E /* FirebaseAuth in Frameworks */ = {isa = PBXBuildFile; productRef = 02CEBE582B10A25C009E3A8E /* FirebaseAuth */; };
		02CEBE5B2B10A25C009E3A8E /* FirebaseFirestore in Frameworks */ = {isa = PBXBuildFile; productRef = 02CEBE5A2B10A25C009E3A8E /* FirebaseFirestore */; };
		02CEBE5D2B10A25C009E3A8E /* FirebaseFunctions in Frameworks */ = {isa = PBXBuildFile; productRef = 02CEBE5C2B10A25C009E3A8E /* FirebaseFunctions */; };
		02CEBE5F2B10A25C009E3A8E /* FirebaseMessaging in Frameworks */ = {isa = PBXBuildFile; productRef = 02CEBE5E2B10A25C009E3A8E /* FirebaseMessaging */; };
		02CEBE612B10A25C009E3A8E /* FirebaseStorage in Frameworks */ = {isa = PBXBuildFile; productRef = 02CEBE602B10A25C009E3A8E /* FirebaseStorage */; };
		02CEBE642B10A389009E3A8E /* Kingfisher in Frameworks */ = {isa = PBXBuildFile; productRef = 02CEBE632B10A389009E3A8E /* Kingfisher */; };
		02CEBE662B10A7EC009E3A8E /* GoogleService-Info.plist in Resources */ = {isa = PBXBuildFile; fileRef = 02CEBE652B10A7EC009E3A8E /* GoogleService-Info.plist */; };
		02CEBE682B10AAE5009E3A8E /* AuthViewModel.swift in Sources */ = {isa = PBXBuildFile; fileRef = 02CEBE672B10AAE5009E3A8E /* AuthViewModel.swift */; };
/* End PBXBuildFile section */

/* Begin PBXFileReference section */
		0256BAF32B0EEDE100A0AE95 /* ImagePicker.swift */ = {isa = PBXFileReference; lastKnownFileType = sourcecode.swift; path = ImagePicker.swift; sourceTree = "<group>"; };
		02651B6A2B0FFFF0006B5E87 /* LoginView.swift */ = {isa = PBXFileReference; lastKnownFileType = sourcecode.swift; path = LoginView.swift; sourceTree = "<group>"; };
		02651B6C2B100000006B5E87 /* RegistrationView.swift */ = {isa = PBXFileReference; lastKnownFileType = sourcecode.swift; path = RegistrationView.swift; sourceTree = "<group>"; };
		02651B6E2B100024006B5E87 /* ResetPasswordView.swift */ = {isa = PBXFileReference; lastKnownFileType = sourcecode.swift; path = ResetPasswordView.swift; sourceTree = "<group>"; };
		02651B722B10068B006B5E87 /* CustomTextField.swift */ = {isa = PBXFileReference; lastKnownFileType = sourcecode.swift; path = CustomTextField.swift; sourceTree = "<group>"; };
		02651B742B10069F006B5E87 /* CustomSecuredField.swift */ = {isa = PBXFileReference; lastKnownFileType = sourcecode.swift; path = CustomSecuredField.swift; sourceTree = "<group>"; };
		026769902B09B505003037ED /* SearchBar.swift */ = {isa = PBXFileReference; lastKnownFileType = sourcecode.swift; path = SearchBar.swift; sourceTree = "<group>"; };
		027D1F1C2B0AF14500D516B3 /* PostGridView.swift */ = {isa = PBXFileReference; lastKnownFileType = sourcecode.swift; path = PostGridView.swift; sourceTree = "<group>"; };
		027D1F1E2B0AF2FC00D516B3 /* UserCell.swift */ = {isa = PBXFileReference; lastKnownFileType = sourcecode.swift; path = UserCell.swift; sourceTree = "<group>"; };
		027D1F202B0AF30F00D516B3 /* UserListView.swift */ = {isa = PBXFileReference; lastKnownFileType = sourcecode.swift; path = UserListView.swift; sourceTree = "<group>"; };
		027D1F222B0AF7EF00D516B3 /* Extensions.swift */ = {isa = PBXFileReference; lastKnownFileType = sourcecode.swift; path = Extensions.swift; sourceTree = "<group>"; };
		0287CB6D2B0E793300622872 /* NotificationCell.swift */ = {isa = PBXFileReference; lastKnownFileType = sourcecode.swift; path = NotificationCell.swift; sourceTree = "<group>"; };
		0287CB6F2B0E7C0100622872 /* ProfileHeaderView.swift */ = {isa = PBXFileReference; lastKnownFileType = sourcecode.swift; path = ProfileHeaderView.swift; sourceTree = "<group>"; };
		0287CB712B0E80E000622872 /* UserStatView.swift */ = {isa = PBXFileReference; lastKnownFileType = sourcecode.swift; path = UserStatView.swift; sourceTree = "<group>"; };
		0287CB732B0E824700622872 /* ProfileActionButtonView.swift */ = {isa = PBXFileReference; lastKnownFileType = sourcecode.swift; path = ProfileActionButtonView.swift; sourceTree = "<group>"; };
		0294D4282B09308800D118BA /* InstagramSwiftUITutorial.app */ = {isa = PBXFileReference; explicitFileType = wrapper.application; includeInIndex = 0; path = InstagramSwiftUITutorial.app; sourceTree = BUILT_PRODUCTS_DIR; };
		0294D42B2B09308800D118BA /* InstagramSwiftUITutorialApp.swift */ = {isa = PBXFileReference; lastKnownFileType = sourcecode.swift; path = InstagramSwiftUITutorialApp.swift; sourceTree = "<group>"; };
		0294D42F2B09308800D118BA /* Assets.xcassets */ = {isa = PBXFileReference; lastKnownFileType = folder.assetcatalog; path = Assets.xcassets; sourceTree = "<group>"; };
		0294D4322B09308800D118BA /* Preview Assets.xcassets */ = {isa = PBXFileReference; lastKnownFileType = folder.assetcatalog; path = "Preview Assets.xcassets"; sourceTree = "<group>"; };
		0294D43F2B09319200D118BA /* ContentView.swift */ = {isa = PBXFileReference; lastKnownFileType = sourcecode.swift; path = ContentView.swift; sourceTree = "<group>"; };
		0294D44D2B09332B00D118BA /* MainTabView.swift */ = {isa = PBXFileReference; lastKnownFileType = sourcecode.swift; path = MainTabView.swift; sourceTree = "<group>"; };
		0294D44F2B09336400D118BA /* FeedView.swift */ = {isa = PBXFileReference; lastKnownFileType = sourcecode.swift; path = FeedView.swift; sourceTree = "<group>"; };
		0294D4512B09338F00D118BA /* SearchView.swift */ = {isa = PBXFileReference; lastKnownFileType = sourcecode.swift; path = SearchView.swift; sourceTree = "<group>"; };
		0294D4532B09339B00D118BA /* NotificationsView.swift */ = {isa = PBXFileReference; lastKnownFileType = sourcecode.swift; path = NotificationsView.swift; sourceTree = "<group>"; };
		0294D4552B0933A700D118BA /* ProfileView.swift */ = {isa = PBXFileReference; lastKnownFileType = sourcecode.swift; path = ProfileView.swift; sourceTree = "<group>"; };
		0294D4572B0933C500D118BA /* UploadPostView.swift */ = {isa = PBXFileReference; lastKnownFileType = sourcecode.swift; path = UploadPostView.swift; sourceTree = "<group>"; };
		0294D4592B09375F00D118BA /* FeedCell.swift */ = {isa = PBXFileReference; lastKnownFileType = sourcecode.swift; path = FeedCell.swift; sourceTree = "<group>"; };
		02CEBE652B10A7EC009E3A8E /* GoogleService-Info.plist */ = {isa = PBXFileReference; fileEncoding = 4; lastKnownFileType = text.plist.xml; path = "GoogleService-Info.plist"; sourceTree = "<group>"; };
		02CEBE672B10AAE5009E3A8E /* AuthViewModel.swift */ = {isa = PBXFileReference; lastKnownFileType = sourcecode.swift; path = AuthViewModel.swift; sourceTree = SOURCE_ROOT; };
/* End PBXFileReference section */

/* Begin PBXFrameworksBuildPhase section */
		0294D4252B09308800D118BA /* Frameworks */ = {
			isa = PBXFrameworksBuildPhase;
			buildActionMask = 2147483647;
			files = (
				02CEBE642B10A389009E3A8E /* Kingfisher in Frameworks */,
				02CEBE5F2B10A25C009E3A8E /* FirebaseMessaging in Frameworks */,
				02CEBE5D2B10A25C009E3A8E /* FirebaseFunctions in Frameworks */,
				02CEBE592B10A25C009E3A8E /* FirebaseAuth in Frameworks */,
				02CEBE612B10A25C009E3A8E /* FirebaseStorage in Frameworks */,
				02CEBE5B2B10A25C009E3A8E /* FirebaseFirestore in Frameworks */,
			);
			runOnlyForDeploymentPostprocessing = 0;
		};
/* End PBXFrameworksBuildPhase section */

/* Begin PBXGroup section */
		0294D41F2B09308800D118BA = {
			isa = PBXGroup;
			children = (
				0294D42A2B09308800D118BA /* InstagramSwiftUITutorial */,
				0294D4292B09308800D118BA /* Products */,
			);
			sourceTree = "<group>";
		};
		0294D4292B09308800D118BA /* Products */ = {
			isa = PBXGroup;
			children = (
				0294D4282B09308800D118BA /* InstagramSwiftUITutorial.app */,
			);
			name = Products;
			sourceTree = "<group>";
		};
		0294D42A2B09308800D118BA /* InstagramSwiftUITutorial */ = {
			isa = PBXGroup;
			children = (
				0294D4392B0930F000D118BA /* Model */,
				0294D43A2B0930FB00D118BA /* View */,
				0294D43B2B09310200D118BA /* ViewModel */,
				0294D43D2B09312000D118BA /* API */,
				0294D43C2B09311700D118BA /* Utils */,
				0294D42B2B09308800D118BA /* InstagramSwiftUITutorialApp.swift */,
				02CEBE652B10A7EC009E3A8E /* GoogleService-Info.plist */,
				0294D42F2B09308800D118BA /* Assets.xcassets */,
				0294D4312B09308800D118BA /* Preview Content */,
			);
			path = InstagramSwiftUITutorial;
			sourceTree = "<group>";
		};
		0294D4312B09308800D118BA /* Preview Content */ = {
			isa = PBXGroup;
			children = (
				0294D4322B09308800D118BA /* Preview Assets.xcassets */,
			);
			path = "Preview Content";
			sourceTree = "<group>";
		};
		0294D4392B0930F000D118BA /* Model */ = {
			isa = PBXGroup;
			children = (
			);
			path = Model;
			sourceTree = "<group>";
		};
		0294D43A2B0930FB00D118BA /* View */ = {
			isa = PBXGroup;
			children = (
				0294D4482B09322600D118BA /* Items */,
				0294D4442B0931CC00D118BA /* Authentication */,
				0294D4452B0931DC00D118BA /* Notification */,
				0294D4432B0931BD00D118BA /* Search */,
				0294D4462B0931F100D118BA /* Comments */,
				0294D4422B0931B600D118BA /* Feed */,
				0294D4472B09320100D118BA /* Profile */,
				0294D4412B0931AD00D118BA /* UploadPost */,
				0294D43E2B09317E00D118BA /* Main */,
			);
			path = View;
			sourceTree = "<group>";
		};
		0294D43B2B09310200D118BA /* ViewModel */ = {
			isa = PBXGroup;
			children = (
				0294D44C2B09327B00D118BA /* Profile */,
				0294D44B2B09327100D118BA /* Authentication */,
				0294D44A2B09326700D118BA /* Notifications */,
				0294D4492B09325C00D118BA /* Feed */,
			);
			path = ViewModel;
			sourceTree = "<group>";
		};
		0294D43C2B09311700D118BA /* Utils */ = {
			isa = PBXGroup;
			children = (
				027D1F222B0AF7EF00D516B3 /* Extensions.swift */,
				0256BAF32B0EEDE100A0AE95 /* ImagePicker.swift */,
				02651B722B10068B006B5E87 /* CustomTextField.swift */,
				02651B742B10069F006B5E87 /* CustomSecuredField.swift */,
			);
			path = Utils;
			sourceTree = "<group>";
		};
		0294D43D2B09312000D118BA /* API */ = {
			isa = PBXGroup;
			children = (
			);
			path = API;
			sourceTree = "<group>";
		};
		0294D43E2B09317E00D118BA /* Main */ = {
			isa = PBXGroup;
			children = (
				0294D43F2B09319200D118BA /* ContentView.swift */,
				0294D44D2B09332B00D118BA /* MainTabView.swift */,
			);
			path = Main;
			sourceTree = "<group>";
		};
		0294D4412B0931AD00D118BA /* UploadPost */ = {
			isa = PBXGroup;
			children = (
				0294D4572B0933C500D118BA /* UploadPostView.swift */,
			);
			path = UploadPost;
			sourceTree = "<group>";
		};
		0294D4422B0931B600D118BA /* Feed */ = {
			isa = PBXGroup;
			children = (
				0294D44F2B09336400D118BA /* FeedView.swift */,
				0294D4592B09375F00D118BA /* FeedCell.swift */,
			);
			path = Feed;
			sourceTree = "<group>";
		};
		0294D4432B0931BD00D118BA /* Search */ = {
			isa = PBXGroup;
			children = (
				0294D4512B09338F00D118BA /* SearchView.swift */,
				026769902B09B505003037ED /* SearchBar.swift */,
			);
			path = Search;
			sourceTree = "<group>";
		};
		0294D4442B0931CC00D118BA /* Authentication */ = {
			isa = PBXGroup;
			children = (
				02651B6A2B0FFFF0006B5E87 /* LoginView.swift */,
				02651B6C2B100000006B5E87 /* RegistrationView.swift */,
				02651B6E2B100024006B5E87 /* ResetPasswordView.swift */,
			);
			path = Authentication;
			sourceTree = "<group>";
		};
		0294D4452B0931DC00D118BA /* Notification */ = {
			isa = PBXGroup;
			children = (
				0294D4532B09339B00D118BA /* NotificationsView.swift */,
				0287CB6D2B0E793300622872 /* NotificationCell.swift */,
			);
			path = Notification;
			sourceTree = "<group>";
		};
		0294D4462B0931F100D118BA /* Comments */ = {
			isa = PBXGroup;
			children = (
			);
			path = Comments;
			sourceTree = "<group>";
		};
		0294D4472B09320100D118BA /* Profile */ = {
			isa = PBXGroup;
			children = (
				0294D4552B0933A700D118BA /* ProfileView.swift */,
				0287CB6F2B0E7C0100622872 /* ProfileHeaderView.swift */,
				0287CB712B0E80E000622872 /* UserStatView.swift */,
				0287CB732B0E824700622872 /* ProfileActionButtonView.swift */,
			);
			path = Profile;
			sourceTree = "<group>";
		};
		0294D4482B09322600D118BA /* Items */ = {
			isa = PBXGroup;
			children = (
				027D1F1C2B0AF14500D516B3 /* PostGridView.swift */,
				027D1F1E2B0AF2FC00D516B3 /* UserCell.swift */,
				027D1F202B0AF30F00D516B3 /* UserListView.swift */,
			);
			path = Items;
			sourceTree = "<group>";
		};
		0294D4492B09325C00D118BA /* Feed */ = {
			isa = PBXGroup;
			children = (
			);
			path = Feed;
			sourceTree = "<group>";
		};
		0294D44A2B09326700D118BA /* Notifications */ = {
			isa = PBXGroup;
			children = (
			);
			path = Notifications;
			sourceTree = "<group>";
		};
		0294D44B2B09327100D118BA /* Authentication */ = {
			isa = PBXGroup;
			children = (
				02CEBE672B10AAE5009E3A8E /* AuthViewModel.swift */,
			);
			path = Authentication;
			sourceTree = "<group>";
		};
		0294D44C2B09327B00D118BA /* Profile */ = {
			isa = PBXGroup;
			children = (
			);
			path = Profile;
			sourceTree = "<group>";
		};
/* End PBXGroup section */

/* Begin PBXNativeTarget section */
		0294D4272B09308800D118BA /* InstagramSwiftUITutorial */ = {
			isa = PBXNativeTarget;
			buildConfigurationList = 0294D4362B09308800D118BA /* Build configuration list for PBXNativeTarget "InstagramSwiftUITutorial" */;
			buildPhases = (
				0294D4242B09308800D118BA /* Sources */,
				0294D4252B09308800D118BA /* Frameworks */,
				0294D4262B09308800D118BA /* Resources */,
			);
			buildRules = (
			);
			dependencies = (
			);
			name = InstagramSwiftUITutorial;
			packageProductDependencies = (
				02CEBE582B10A25C009E3A8E /* FirebaseAuth */,
				02CEBE5A2B10A25C009E3A8E /* FirebaseFirestore */,
				02CEBE5C2B10A25C009E3A8E /* FirebaseFunctions */,
				02CEBE5E2B10A25C009E3A8E /* FirebaseMessaging */,
				02CEBE602B10A25C009E3A8E /* FirebaseStorage */,
				02CEBE632B10A389009E3A8E /* Kingfisher */,
			);
			productName = InstagramSwiftUITutorial;
			productReference = 0294D4282B09308800D118BA /* InstagramSwiftUITutorial.app */;
			productType = "com.apple.product-type.application";
		};
/* End PBXNativeTarget section */

/* Begin PBXProject section */
		0294D4202B09308800D118BA /* Project object */ = {
			isa = PBXProject;
			attributes = {
				BuildIndependentTargetsInParallel = 1;
				LastSwiftUpdateCheck = 1430;
				LastUpgradeCheck = 1430;
				TargetAttributes = {
					0294D4272B09308800D118BA = {
						CreatedOnToolsVersion = 14.3.1;
					};
				};
			};
			buildConfigurationList = 0294D4232B09308800D118BA /* Build configuration list for PBXProject "InstagramSwiftUITutorial" */;
			compatibilityVersion = "Xcode 14.0";
			developmentRegion = en;
			hasScannedForEncodings = 0;
			knownRegions = (
				en,
				Base,
			);
			mainGroup = 0294D41F2B09308800D118BA;
			packageReferences = (
				02CEBE572B10A25C009E3A8E /* XCRemoteSwiftPackageReference "firebase-ios-sdk" */,
				02CEBE622B10A389009E3A8E /* XCRemoteSwiftPackageReference "Kingfisher" */,
			);
			productRefGroup = 0294D4292B09308800D118BA /* Products */;
			projectDirPath = "";
			projectRoot = "";
			targets = (
				0294D4272B09308800D118BA /* InstagramSwiftUITutorial */,
			);
		};
/* End PBXProject section */

/* Begin PBXResourcesBuildPhase section */
		0294D4262B09308800D118BA /* Resources */ = {
			isa = PBXResourcesBuildPhase;
			buildActionMask = 2147483647;
			files = (
				0294D4332B09308800D118BA /* Preview Assets.xcassets in Resources */,
				0294D4302B09308800D118BA /* Assets.xcassets in Resources */,
				02CEBE662B10A7EC009E3A8E /* GoogleService-Info.plist in Resources */,
			);
			runOnlyForDeploymentPostprocessing = 0;
		};
/* End PBXResourcesBuildPhase section */

/* Begin PBXSourcesBuildPhase section */
		0294D4242B09308800D118BA /* Sources */ = {
			isa = PBXSourcesBuildPhase;
			buildActionMask = 2147483647;
			files = (
				0294D4522B09338F00D118BA /* SearchView.swift in Sources */,
				0294D4502B09336400D118BA /* FeedView.swift in Sources */,
				027D1F1D2B0AF14500D516B3 /* PostGridView.swift in Sources */,
				02651B6D2B100000006B5E87 /* RegistrationView.swift in Sources */,
				02651B732B10068B006B5E87 /* CustomTextField.swift in Sources */,
				02651B752B10069F006B5E87 /* CustomSecuredField.swift in Sources */,
				0294D42C2B09308800D118BA /* InstagramSwiftUITutorialApp.swift in Sources */,
				0294D4402B09319200D118BA /* ContentView.swift in Sources */,
				0294D44E2B09332B00D118BA /* MainTabView.swift in Sources */,
				02651B6F2B100024006B5E87 /* ResetPasswordView.swift in Sources */,
				0294D4582B0933C500D118BA /* UploadPostView.swift in Sources */,
				0256BAF42B0EEDE100A0AE95 /* ImagePicker.swift in Sources */,
				0287CB702B0E7C0100622872 /* ProfileHeaderView.swift in Sources */,
				0294D4562B0933A700D118BA /* ProfileView.swift in Sources */,
				0287CB722B0E80E000622872 /* UserStatView.swift in Sources */,
				027D1F1F2B0AF2FC00D516B3 /* UserCell.swift in Sources */,
				026769912B09B505003037ED /* SearchBar.swift in Sources */,
				0294D4542B09339B00D118BA /* NotificationsView.swift in Sources */,
				0294D45A2B09375F00D118BA /* FeedCell.swift in Sources */,
				0287CB742B0E824700622872 /* ProfileActionButtonView.swift in Sources */,
				02CEBE682B10AAE5009E3A8E /* AuthViewModel.swift in Sources */,
				027D1F212B0AF30F00D516B3 /* UserListView.swift in Sources */,
				0287CB6E2B0E793300622872 /* NotificationCell.swift in Sources */,
				02651B6B2B0FFFF0006B5E87 /* LoginView.swift in Sources */,
				027D1F232B0AF7EF00D516B3 /* Extensions.swift in Sources */,
			);
			runOnlyForDeploymentPostprocessing = 0;
		};
/* End PBXSourcesBuildPhase section */

/* Begin XCBuildConfiguration section */
		0294D4342B09308800D118BA /* Debug */ = {
			isa = XCBuildConfiguration;
			buildSettings = {
				ALWAYS_SEARCH_USER_PATHS = NO;
				CLANG_ANALYZER_NONNULL = YES;
				CLANG_ANALYZER_NUMBER_OBJECT_CONVERSION = YES_AGGRESSIVE;
				CLANG_CXX_LANGUAGE_STANDARD = "gnu++20";
				CLANG_ENABLE_MODULES = YES;
				CLANG_ENABLE_OBJC_ARC = YES;
				CLANG_ENABLE_OBJC_WEAK = YES;
				CLANG_WARN_BLOCK_CAPTURE_AUTORELEASING = YES;
				CLANG_WARN_BOOL_CONVERSION = YES;
				CLANG_WARN_COMMA = YES;
				CLANG_WARN_CONSTANT_CONVERSION = YES;
				CLANG_WARN_DEPRECATED_OBJC_IMPLEMENTATIONS = YES;
				CLANG_WARN_DIRECT_OBJC_ISA_USAGE = YES_ERROR;
				CLANG_WARN_DOCUMENTATION_COMMENTS = YES;
				CLANG_WARN_EMPTY_BODY = YES;
				CLANG_WARN_ENUM_CONVERSION = YES;
				CLANG_WARN_INFINITE_RECURSION = YES;
				CLANG_WARN_INT_CONVERSION = YES;
				CLANG_WARN_NON_LITERAL_NULL_CONVERSION = YES;
				CLANG_WARN_OBJC_IMPLICIT_RETAIN_SELF = YES;
				CLANG_WARN_OBJC_LITERAL_CONVERSION = YES;
				CLANG_WARN_OBJC_ROOT_CLASS = YES_ERROR;
				CLANG_WARN_QUOTED_INCLUDE_IN_FRAMEWORK_HEADER = YES;
				CLANG_WARN_RANGE_LOOP_ANALYSIS = YES;
				CLANG_WARN_STRICT_PROTOTYPES = YES;
				CLANG_WARN_SUSPICIOUS_MOVE = YES;
				CLANG_WARN_UNGUARDED_AVAILABILITY = YES_AGGRESSIVE;
				CLANG_WARN_UNREACHABLE_CODE = YES;
				CLANG_WARN__DUPLICATE_METHOD_MATCH = YES;
				COPY_PHASE_STRIP = NO;
				DEBUG_INFORMATION_FORMAT = dwarf;
				ENABLE_STRICT_OBJC_MSGSEND = YES;
				ENABLE_TESTABILITY = YES;
				GCC_C_LANGUAGE_STANDARD = gnu11;
				GCC_DYNAMIC_NO_PIC = NO;
				GCC_NO_COMMON_BLOCKS = YES;
				GCC_OPTIMIZATION_LEVEL = 0;
				GCC_PREPROCESSOR_DEFINITIONS = (
					"DEBUG=1",
					"$(inherited)",
				);
				GCC_WARN_64_TO_32_BIT_CONVERSION = YES;
				GCC_WARN_ABOUT_RETURN_TYPE = YES_ERROR;
				GCC_WARN_UNDECLARED_SELECTOR = YES;
				GCC_WARN_UNINITIALIZED_AUTOS = YES_AGGRESSIVE;
				GCC_WARN_UNUSED_FUNCTION = YES;
				GCC_WARN_UNUSED_VARIABLE = YES;
				IPHONEOS_DEPLOYMENT_TARGET = 16.4;
				MTL_ENABLE_DEBUG_INFO = INCLUDE_SOURCE;
				MTL_FAST_MATH = YES;
				ONLY_ACTIVE_ARCH = YES;
				SDKROOT = iphoneos;
				SWIFT_ACTIVE_COMPILATION_CONDITIONS = DEBUG;
				SWIFT_OPTIMIZATION_LEVEL = "-Onone";
			};
			name = Debug;
		};
		0294D4352B09308800D118BA /* Release */ = {
			isa = XCBuildConfiguration;
			buildSettings = {
				ALWAYS_SEARCH_USER_PATHS = NO;
				CLANG_ANALYZER_NONNULL = YES;
				CLANG_ANALYZER_NUMBER_OBJECT_CONVERSION = YES_AGGRESSIVE;
				CLANG_CXX_LANGUAGE_STANDARD = "gnu++20";
				CLANG_ENABLE_MODULES = YES;
				CLANG_ENABLE_OBJC_ARC = YES;
				CLANG_ENABLE_OBJC_WEAK = YES;
				CLANG_WARN_BLOCK_CAPTURE_AUTORELEASING = YES;
				CLANG_WARN_BOOL_CONVERSION = YES;
				CLANG_WARN_COMMA = YES;
				CLANG_WARN_CONSTANT_CONVERSION = YES;
				CLANG_WARN_DEPRECATED_OBJC_IMPLEMENTATIONS = YES;
				CLANG_WARN_DIRECT_OBJC_ISA_USAGE = YES_ERROR;
				CLANG_WARN_DOCUMENTATION_COMMENTS = YES;
				CLANG_WARN_EMPTY_BODY = YES;
				CLANG_WARN_ENUM_CONVERSION = YES;
				CLANG_WARN_INFINITE_RECURSION = YES;
				CLANG_WARN_INT_CONVERSION = YES;
				CLANG_WARN_NON_LITERAL_NULL_CONVERSION = YES;
				CLANG_WARN_OBJC_IMPLICIT_RETAIN_SELF = YES;
				CLANG_WARN_OBJC_LITERAL_CONVERSION = YES;
				CLANG_WARN_OBJC_ROOT_CLASS = YES_ERROR;
				CLANG_WARN_QUOTED_INCLUDE_IN_FRAMEWORK_HEADER = YES;
				CLANG_WARN_RANGE_LOOP_ANALYSIS = YES;
				CLANG_WARN_STRICT_PROTOTYPES = YES;
				CLANG_WARN_SUSPICIOUS_MOVE = YES;
				CLANG_WARN_UNGUARDED_AVAILABILITY = YES_AGGRESSIVE;
				CLANG_WARN_UNREACHABLE_CODE = YES;
				CLANG_WARN__DUPLICATE_METHOD_MATCH = YES;
				COPY_PHASE_STRIP = NO;
				DEBUG_INFORMATION_FORMAT = "dwarf-with-dsym";
				ENABLE_NS_ASSERTIONS = NO;
				ENABLE_STRICT_OBJC_MSGSEND = YES;
				GCC_C_LANGUAGE_STANDARD = gnu11;
				GCC_NO_COMMON_BLOCKS = YES;
				GCC_WARN_64_TO_32_BIT_CONVERSION = YES;
				GCC_WARN_ABOUT_RETURN_TYPE = YES_ERROR;
				GCC_WARN_UNDECLARED_SELECTOR = YES;
				GCC_WARN_UNINITIALIZED_AUTOS = YES_AGGRESSIVE;
				GCC_WARN_UNUSED_FUNCTION = YES;
				GCC_WARN_UNUSED_VARIABLE = YES;
				IPHONEOS_DEPLOYMENT_TARGET = 16.4;
				MTL_ENABLE_DEBUG_INFO = NO;
				MTL_FAST_MATH = YES;
				SDKROOT = iphoneos;
				SWIFT_COMPILATION_MODE = wholemodule;
				SWIFT_OPTIMIZATION_LEVEL = "-O";
				VALIDATE_PRODUCT = YES;
			};
			name = Release;
		};
		0294D4372B09308800D118BA /* Debug */ = {
			isa = XCBuildConfiguration;
			buildSettings = {
				ASSETCATALOG_COMPILER_APPICON_NAME = AppIcon;
				ASSETCATALOG_COMPILER_GLOBAL_ACCENT_COLOR_NAME = AccentColor;
				CODE_SIGN_STYLE = Automatic;
				CURRENT_PROJECT_VERSION = 1;
				DEVELOPMENT_ASSET_PATHS = "\"InstagramSwiftUITutorial/Preview Content\"";
				DEVELOPMENT_TEAM = 8R6X2J74TY;
				ENABLE_PREVIEWS = YES;
				GENERATE_INFOPLIST_FILE = YES;
				INFOPLIST_KEY_CFBundleDisplayName = InstagramSwiftUITutorial;
				INFOPLIST_KEY_LSApplicationCategoryType = "public.app-category.photography";
				INFOPLIST_KEY_UIApplicationSceneManifest_Generation = YES;
				INFOPLIST_KEY_UIApplicationSupportsIndirectInputEvents = YES;
				INFOPLIST_KEY_UILaunchScreen_Generation = YES;
				INFOPLIST_KEY_UISupportedInterfaceOrientations_iPad = "UIInterfaceOrientationPortrait UIInterfaceOrientationPortraitUpsideDown UIInterfaceOrientationLandscapeLeft UIInterfaceOrientationLandscapeRight";
				INFOPLIST_KEY_UISupportedInterfaceOrientations_iPhone = "UIInterfaceOrientationPortrait UIInterfaceOrientationLandscapeLeft UIInterfaceOrientationLandscapeRight";
				LD_RUNPATH_SEARCH_PATHS = (
					"$(inherited)",
					"@executable_path/Frameworks",
				);
				MARKETING_VERSION = 1.0;
				PRODUCT_BUNDLE_IDENTIFIER = com.erkanozturk.InstagramSwiftUITutorial;
				PRODUCT_NAME = "$(TARGET_NAME)";
				SWIFT_EMIT_LOC_STRINGS = YES;
				SWIFT_VERSION = 5.0;
				TARGETED_DEVICE_FAMILY = "1,2";
			};
			name = Debug;
		};
		0294D4382B09308800D118BA /* Release */ = {
			isa = XCBuildConfiguration;
			buildSettings = {
				ASSETCATALOG_COMPILER_APPICON_NAME = AppIcon;
				ASSETCATALOG_COMPILER_GLOBAL_ACCENT_COLOR_NAME = AccentColor;
				CODE_SIGN_STYLE = Automatic;
				CURRENT_PROJECT_VERSION = 1;
				DEVELOPMENT_ASSET_PATHS = "\"InstagramSwiftUITutorial/Preview Content\"";
				DEVELOPMENT_TEAM = 8R6X2J74TY;
				ENABLE_PREVIEWS = YES;
				GENERATE_INFOPLIST_FILE = YES;
				INFOPLIST_KEY_CFBundleDisplayName = InstagramSwiftUITutorial;
				INFOPLIST_KEY_LSApplicationCategoryType = "public.app-category.photography";
				INFOPLIST_KEY_UIApplicationSceneManifest_Generation = YES;
				INFOPLIST_KEY_UIApplicationSupportsIndirectInputEvents = YES;
				INFOPLIST_KEY_UILaunchScreen_Generation = YES;
				INFOPLIST_KEY_UISupportedInterfaceOrientations_iPad = "UIInterfaceOrientationPortrait UIInterfaceOrientationPortraitUpsideDown UIInterfaceOrientationLandscapeLeft UIInterfaceOrientationLandscapeRight";
				INFOPLIST_KEY_UISupportedInterfaceOrientations_iPhone = "UIInterfaceOrientationPortrait UIInterfaceOrientationLandscapeLeft UIInterfaceOrientationLandscapeRight";
				LD_RUNPATH_SEARCH_PATHS = (
					"$(inherited)",
					"@executable_path/Frameworks",
				);
				MARKETING_VERSION = 1.0;
				PRODUCT_BUNDLE_IDENTIFIER = com.erkanozturk.InstagramSwiftUITutorial;
				PRODUCT_NAME = "$(TARGET_NAME)";
				SWIFT_EMIT_LOC_STRINGS = YES;
				SWIFT_VERSION = 5.0;
				TARGETED_DEVICE_FAMILY = "1,2";
			};
			name = Release;
		};
/* End XCBuildConfiguration section */

/* Begin XCConfigurationList section */
		0294D4232B09308800D118BA /* Build configuration list for PBXProject "InstagramSwiftUITutorial" */ = {
			isa = XCConfigurationList;
			buildConfigurations = (
				0294D4342B09308800D118BA /* Debug */,
				0294D4352B09308800D118BA /* Release */,
			);
			defaultConfigurationIsVisible = 0;
			defaultConfigurationName = Release;
		};
		0294D4362B09308800D118BA /* Build configuration list for PBXNativeTarget "InstagramSwiftUITutorial" */ = {
			isa = XCConfigurationList;
			buildConfigurations = (
				0294D4372B09308800D118BA /* Debug */,
				0294D4382B09308800D118BA /* Release */,
			);
			defaultConfigurationIsVisible = 0;
			defaultConfigurationName = Release;
		};
/* End XCConfigurationList section */

/* Begin XCRemoteSwiftPackageReference section */
		02CEBE572B10A25C009E3A8E /* XCRemoteSwiftPackageReference "firebase-ios-sdk" */ = {
			isa = XCRemoteSwiftPackageReference;
			repositoryURL = "https://github.com/firebase/firebase-ios-sdk.git";
			requirement = {
				kind = upToNextMajorVersion;
				minimumVersion = 10.0.0;
			};
		};
		02CEBE622B10A389009E3A8E /* XCRemoteSwiftPackageReference "Kingfisher" */ = {
			isa = XCRemoteSwiftPackageReference;
			repositoryURL = "https://github.com/onevcat/Kingfisher.git";
			requirement = {
				kind = upToNextMajorVersion;
				minimumVersion = 7.0.0;
			};
		};
/* End XCRemoteSwiftPackageReference section */

/* Begin XCSwiftPackageProductDependency section */
		02CEBE582B10A25C009E3A8E /* FirebaseAuth */ = {
			isa = XCSwiftPackageProductDependency;
			package = 02CEBE572B10A25C009E3A8E /* XCRemoteSwiftPackageReference "firebase-ios-sdk" */;
			productName = FirebaseAuth;
		};
		02CEBE5A2B10A25C009E3A8E /* FirebaseFirestore */ = {
			isa = XCSwiftPackageProductDependency;
			package = 02CEBE572B10A25C009E3A8E /* XCRemoteSwiftPackageReference "firebase-ios-sdk" */;
			productName = FirebaseFirestore;
		};
		02CEBE5C2B10A25C009E3A8E /* FirebaseFunctions */ = {
			isa = XCSwiftPackageProductDependency;
			package = 02CEBE572B10A25C009E3A8E /* XCRemoteSwiftPackageReference "firebase-ios-sdk" */;
			productName = FirebaseFunctions;
		};
		02CEBE5E2B10A25C009E3A8E /* FirebaseMessaging */ = {
			isa = XCSwiftPackageProductDependency;
			package = 02CEBE572B10A25C009E3A8E /* XCRemoteSwiftPackageReference "firebase-ios-sdk" */;
			productName = FirebaseMessaging;
		};
		02CEBE602B10A25C009E3A8E /* FirebaseStorage */ = {
			isa = XCSwiftPackageProductDependency;
			package = 02CEBE572B10A25C009E3A8E /* XCRemoteSwiftPackageReference "firebase-ios-sdk" */;
			productName = FirebaseStorage;
		};
		02CEBE632B10A389009E3A8E /* Kingfisher */ = {
			isa = XCSwiftPackageProductDependency;
			package = 02CEBE622B10A389009E3A8E /* XCRemoteSwiftPackageReference "Kingfisher" */;
			productName = Kingfisher;
		};
/* End XCSwiftPackageProductDependency section */
	};
	rootObject = 0294D4202B09308800D118BA /* Project object */;
}
