// !$*UTF8*$!
{
	archiveVersion = 1;
	classes = {
	};
	objectVersion = 56;
	objects = {

/* Begin PBXBuildFile section */
		020C2E1D2AF95BE000465A70 /* ExternalWebLink.swift in Sources */ = {isa = PBXBuildFile; fileRef = 020C2E1C2AF95BE000465A70 /* ExternalWebLink.swift */; };
		020C2E1F2AF97CED00465A70 /* VideoModel.swift in Sources */ = {isa = PBXBuildFile; fileRef = 020C2E1E2AF97CED00465A70 /* VideoModel.swift */; };
		020C2E212AF97D4E00465A70 /* VideoListItemView.swift in Sources */ = {isa = PBXBuildFile; fileRef = 020C2E202AF97D4E00465A70 /* VideoListItemView.swift */; };
		020C2E232AF9837B00465A70 /* VideoPlayerView.swift in Sources */ = {isa = PBXBuildFile; fileRef = 020C2E222AF9837B00465A70 /* VideoPlayerView.swift */; };
		020C2E262AF984B800465A70 /* VideoPlayerHelper.swift in Sources */ = {isa = PBXBuildFile; fileRef = 020C2E252AF984B800465A70 /* VideoPlayerHelper.swift */; };
		020C2E282AF9898D00465A70 /* LocationModel.swift in Sources */ = {isa = PBXBuildFile; fileRef = 020C2E272AF9898D00465A70 /* LocationModel.swift */; };
		024E1BB52AF69B1500882FB1 /* AnimalListItemView.swift in Sources */ = {isa = PBXBuildFile; fileRef = 024E1BB42AF69B1500882FB1 /* AnimalListItemView.swift */; };
		024E1BB72AF69D2D00882FB1 /* AnimalModel.swift in Sources */ = {isa = PBXBuildFile; fileRef = 024E1BB62AF69D2D00882FB1 /* AnimalModel.swift */; };
		024E1BB92AF6A14B00882FB1 /* AnimalDetailView.swift in Sources */ = {isa = PBXBuildFile; fileRef = 024E1BB82AF6A14B00882FB1 /* AnimalDetailView.swift */; };
		024E1BE42AF6CD4200882FB1 /* HeadingView.swift in Sources */ = {isa = PBXBuildFile; fileRef = 024E1BE32AF6CD4200882FB1 /* HeadingView.swift */; };
		024E1BE62AF6CE9200882FB1 /* InsetGalleryView.swift in Sources */ = {isa = PBXBuildFile; fileRef = 024E1BE52AF6CE9200882FB1 /* InsetGalleryView.swift */; };
		024E1BE82AF6D78B00882FB1 /* InsetFactView.swift in Sources */ = {isa = PBXBuildFile; fileRef = 024E1BE72AF6D78A00882FB1 /* InsetFactView.swift */; };
		024E1BEA2AF6DC7C00882FB1 /* InsetMapView.swift in Sources */ = {isa = PBXBuildFile; fileRef = 024E1BE92AF6DC7C00882FB1 /* InsetMapView.swift */; };
		026284112AFAB8A600437979 /* MapAnnotaionView.swift in Sources */ = {isa = PBXBuildFile; fileRef = 026284102AFAB8A600437979 /* MapAnnotaionView.swift */; };
		026284132AFABE5600437979 /* MotionAnimationView.swift in Sources */ = {isa = PBXBuildFile; fileRef = 026284122AFABE5600437979 /* MotionAnimationView.swift */; };
		026425B12AFB2D6F004703C3 /* AnimalGridITemView.swift in Sources */ = {isa = PBXBuildFile; fileRef = 026425B02AFB2D6F004703C3 /* AnimalGridITemView.swift */; };
		026D7D282AF6269D00A424CC /* AfricaApp.swift in Sources */ = {isa = PBXBuildFile; fileRef = 026D7D272AF6269D00A424CC /* AfricaApp.swift */; };
		026D7D2A2AF6269D00A424CC /* ContentView.swift in Sources */ = {isa = PBXBuildFile; fileRef = 026D7D292AF6269D00A424CC /* ContentView.swift */; };
		026D7D2C2AF6269E00A424CC /* Assets.xcassets in Resources */ = {isa = PBXBuildFile; fileRef = 026D7D2B2AF6269E00A424CC /* Assets.xcassets */; };
		026D7D2F2AF6269E00A424CC /* Preview Assets.xcassets in Resources */ = {isa = PBXBuildFile; fileRef = 026D7D2E2AF6269E00A424CC /* Preview Assets.xcassets */; };
		026D7D402AF6324B00A424CC /* rhino.mp4 in Resources */ = {isa = PBXBuildFile; fileRef = 026D7D362AF6324900A424CC /* rhino.mp4 */; };
		026D7D412AF6324B00A424CC /* lion.mp4 in Resources */ = {isa = PBXBuildFile; fileRef = 026D7D372AF6324A00A424CC /* lion.mp4 */; };
		026D7D422AF6324B00A424CC /* lioness.mp4 in Resources */ = {isa = PBXBuildFile; fileRef = 026D7D382AF6324A00A424CC /* lioness.mp4 */; };
		026D7D432AF6324B00A424CC /* hippo.mp4 in Resources */ = {isa = PBXBuildFile; fileRef = 026D7D392AF6324A00A424CC /* hippo.mp4 */; };
		026D7D442AF6324B00A424CC /* elephant.mp4 in Resources */ = {isa = PBXBuildFile; fileRef = 026D7D3A2AF6324A00A424CC /* elephant.mp4 */; };
		026D7D452AF6324B00A424CC /* gorilla.mp4 in Resources */ = {isa = PBXBuildFile; fileRef = 026D7D3B2AF6324A00A424CC /* gorilla.mp4 */; };
		026D7D462AF6324B00A424CC /* ostrich.mp4 in Resources */ = {isa = PBXBuildFile; fileRef = 026D7D3C2AF6324B00A424CC /* ostrich.mp4 */; };
		026D7D472AF6324B00A424CC /* zebra.mp4 in Resources */ = {isa = PBXBuildFile; fileRef = 026D7D3D2AF6324B00A424CC /* zebra.mp4 */; };
		026D7D482AF6324B00A424CC /* giraffe.mp4 in Resources */ = {isa = PBXBuildFile; fileRef = 026D7D3E2AF6324B00A424CC /* giraffe.mp4 */; };
		026D7D492AF6324B00A424CC /* cheetah.mp4 in Resources */ = {isa = PBXBuildFile; fileRef = 026D7D3F2AF6324B00A424CC /* cheetah.mp4 */; };
		026D7D4F2AF6329400A424CC /* videos.json in Resources */ = {isa = PBXBuildFile; fileRef = 026D7D4B2AF6329300A424CC /* videos.json */; };
		026D7D502AF6329400A424CC /* covers.json in Resources */ = {isa = PBXBuildFile; fileRef = 026D7D4C2AF6329300A424CC /* covers.json */; };
		026D7D512AF6329400A424CC /* animals.json in Resources */ = {isa = PBXBuildFile; fileRef = 026D7D4D2AF6329400A424CC /* animals.json */; };
		026D7D522AF6329400A424CC /* locations.json in Resources */ = {isa = PBXBuildFile; fileRef = 026D7D4E2AF6329400A424CC /* locations.json */; };
		026D7D582AF65C5300A424CC /* VideoListView.swift in Sources */ = {isa = PBXBuildFile; fileRef = 026D7D572AF65C5300A424CC /* VideoListView.swift */; };
		026D7D5A2AF65C6700A424CC /* MapView.swift in Sources */ = {isa = PBXBuildFile; fileRef = 026D7D592AF65C6700A424CC /* MapView.swift */; };
		026D7D5C2AF65C7600A424CC /* GalleryView.swift in Sources */ = {isa = PBXBuildFile; fileRef = 026D7D5B2AF65C7600A424CC /* GalleryView.swift */; };
		026D7D5E2AF65C8200A424CC /* MainView.swift in Sources */ = {isa = PBXBuildFile; fileRef = 026D7D5D2AF65C8200A424CC /* MainView.swift */; };
		026D7D612AF665AC00A424CC /* CoverImageView.swift in Sources */ = {isa = PBXBuildFile; fileRef = 026D7D602AF665AC00A424CC /* CoverImageView.swift */; };
		026D7D642AF66A6400A424CC /* CoverImageModel.swift in Sources */ = {isa = PBXBuildFile; fileRef = 026D7D632AF66A6400A424CC /* CoverImageModel.swift */; };
		026D7D672AF66BF000A424CC /* CodableBundleExtension.swift in Sources */ = {isa = PBXBuildFile; fileRef = 026D7D662AF66BF000A424CC /* CodableBundleExtension.swift */; };
/* End PBXBuildFile section */

/* Begin PBXFileReference section */
		020C2E1C2AF95BE000465A70 /* ExternalWebLink.swift */ = {isa = PBXFileReference; lastKnownFileType = sourcecode.swift; path = ExternalWebLink.swift; sourceTree = "<group>"; };
		020C2E1E2AF97CED00465A70 /* VideoModel.swift */ = {isa = PBXFileReference; lastKnownFileType = sourcecode.swift; path = VideoModel.swift; sourceTree = "<group>"; };
		020C2E202AF97D4E00465A70 /* VideoListItemView.swift */ = {isa = PBXFileReference; lastKnownFileType = sourcecode.swift; path = VideoListItemView.swift; sourceTree = "<group>"; };
		020C2E222AF9837B00465A70 /* VideoPlayerView.swift */ = {isa = PBXFileReference; lastKnownFileType = sourcecode.swift; path = VideoPlayerView.swift; sourceTree = "<group>"; };
		020C2E252AF984B800465A70 /* VideoPlayerHelper.swift */ = {isa = PBXFileReference; lastKnownFileType = sourcecode.swift; path = VideoPlayerHelper.swift; sourceTree = "<group>"; };
		020C2E272AF9898D00465A70 /* LocationModel.swift */ = {isa = PBXFileReference; lastKnownFileType = sourcecode.swift; path = LocationModel.swift; sourceTree = "<group>"; };
		024E1BB42AF69B1500882FB1 /* AnimalListItemView.swift */ = {isa = PBXFileReference; lastKnownFileType = sourcecode.swift; path = AnimalListItemView.swift; sourceTree = "<group>"; };
		024E1BB62AF69D2D00882FB1 /* AnimalModel.swift */ = {isa = PBXFileReference; lastKnownFileType = sourcecode.swift; path = AnimalModel.swift; sourceTree = "<group>"; };
		024E1BB82AF6A14B00882FB1 /* AnimalDetailView.swift */ = {isa = PBXFileReference; lastKnownFileType = sourcecode.swift; path = AnimalDetailView.swift; sourceTree = "<group>"; };
		024E1BE32AF6CD4200882FB1 /* HeadingView.swift */ = {isa = PBXFileReference; lastKnownFileType = sourcecode.swift; path = HeadingView.swift; sourceTree = "<group>"; };
		024E1BE52AF6CE9200882FB1 /* InsetGalleryView.swift */ = {isa = PBXFileReference; lastKnownFileType = sourcecode.swift; path = InsetGalleryView.swift; sourceTree = "<group>"; };
		024E1BE72AF6D78A00882FB1 /* InsetFactView.swift */ = {isa = PBXFileReference; lastKnownFileType = sourcecode.swift; path = InsetFactView.swift; sourceTree = "<group>"; };
		024E1BE92AF6DC7C00882FB1 /* InsetMapView.swift */ = {isa = PBXFileReference; lastKnownFileType = sourcecode.swift; path = InsetMapView.swift; sourceTree = "<group>"; };
		026284102AFAB8A600437979 /* MapAnnotaionView.swift */ = {isa = PBXFileReference; lastKnownFileType = sourcecode.swift; path = MapAnnotaionView.swift; sourceTree = "<group>"; };
		026284122AFABE5600437979 /* MotionAnimationView.swift */ = {isa = PBXFileReference; lastKnownFileType = sourcecode.swift; path = MotionAnimationView.swift; sourceTree = "<group>"; };
		026425B02AFB2D6F004703C3 /* AnimalGridITemView.swift */ = {isa = PBXFileReference; lastKnownFileType = sourcecode.swift; path = AnimalGridITemView.swift; sourceTree = "<group>"; };
		026D7D242AF6269D00A424CC /* Africa.app */ = {isa = PBXFileReference; explicitFileType = wrapper.application; includeInIndex = 0; path = Africa.app; sourceTree = BUILT_PRODUCTS_DIR; };
		026D7D272AF6269D00A424CC /* AfricaApp.swift */ = {isa = PBXFileReference; lastKnownFileType = sourcecode.swift; path = AfricaApp.swift; sourceTree = "<group>"; };
		026D7D292AF6269D00A424CC /* ContentView.swift */ = {isa = PBXFileReference; lastKnownFileType = sourcecode.swift; path = ContentView.swift; sourceTree = "<group>"; };
		026D7D2B2AF6269E00A424CC /* Assets.xcassets */ = {isa = PBXFileReference; lastKnownFileType = folder.assetcatalog; path = Assets.xcassets; sourceTree = "<group>"; };
		026D7D2E2AF6269E00A424CC /* Preview Assets.xcassets */ = {isa = PBXFileReference; lastKnownFileType = folder.assetcatalog; path = "Preview Assets.xcassets"; sourceTree = "<group>"; };
		026D7D362AF6324900A424CC /* rhino.mp4 */ = {isa = PBXFileReference; lastKnownFileType = file; path = rhino.mp4; sourceTree = "<group>"; };
		026D7D372AF6324A00A424CC /* lion.mp4 */ = {isa = PBXFileReference; lastKnownFileType = file; path = lion.mp4; sourceTree = "<group>"; };
		026D7D382AF6324A00A424CC /* lioness.mp4 */ = {isa = PBXFileReference; lastKnownFileType = file; path = lioness.mp4; sourceTree = "<group>"; };
		026D7D392AF6324A00A424CC /* hippo.mp4 */ = {isa = PBXFileReference; lastKnownFileType = file; path = hippo.mp4; sourceTree = "<group>"; };
		026D7D3A2AF6324A00A424CC /* elephant.mp4 */ = {isa = PBXFileReference; lastKnownFileType = file; path = elephant.mp4; sourceTree = "<group>"; };
		026D7D3B2AF6324A00A424CC /* gorilla.mp4 */ = {isa = PBXFileReference; lastKnownFileType = file; path = gorilla.mp4; sourceTree = "<group>"; };
		026D7D3C2AF6324B00A424CC /* ostrich.mp4 */ = {isa = PBXFileReference; lastKnownFileType = file; path = ostrich.mp4; sourceTree = "<group>"; };
		026D7D3D2AF6324B00A424CC /* zebra.mp4 */ = {isa = PBXFileReference; lastKnownFileType = file; path = zebra.mp4; sourceTree = "<group>"; };
		026D7D3E2AF6324B00A424CC /* giraffe.mp4 */ = {isa = PBXFileReference; lastKnownFileType = file; path = giraffe.mp4; sourceTree = "<group>"; };
		026D7D3F2AF6324B00A424CC /* cheetah.mp4 */ = {isa = PBXFileReference; lastKnownFileType = file; path = cheetah.mp4; sourceTree = "<group>"; };
		026D7D4B2AF6329300A424CC /* videos.json */ = {isa = PBXFileReference; fileEncoding = 4; lastKnownFileType = text.json; path = videos.json; sourceTree = "<group>"; };
		026D7D4C2AF6329300A424CC /* covers.json */ = {isa = PBXFileReference; fileEncoding = 4; lastKnownFileType = text.json; path = covers.json; sourceTree = "<group>"; };
		026D7D4D2AF6329400A424CC /* animals.json */ = {isa = PBXFileReference; fileEncoding = 4; lastKnownFileType = text.json; path = animals.json; sourceTree = "<group>"; };
		026D7D4E2AF6329400A424CC /* locations.json */ = {isa = PBXFileReference; fileEncoding = 4; lastKnownFileType = text.json; path = locations.json; sourceTree = "<group>"; };
		026D7D532AF65AEF00A424CC /* Info.plist */ = {isa = PBXFileReference; lastKnownFileType = text.plist; path = Info.plist; sourceTree = "<group>"; };
		026D7D572AF65C5300A424CC /* VideoListView.swift */ = {isa = PBXFileReference; lastKnownFileType = sourcecode.swift; path = VideoListView.swift; sourceTree = "<group>"; };
		026D7D592AF65C6700A424CC /* MapView.swift */ = {isa = PBXFileReference; lastKnownFileType = sourcecode.swift; path = MapView.swift; sourceTree = "<group>"; };
		026D7D5B2AF65C7600A424CC /* GalleryView.swift */ = {isa = PBXFileReference; lastKnownFileType = sourcecode.swift; path = GalleryView.swift; sourceTree = "<group>"; };
		026D7D5D2AF65C8200A424CC /* MainView.swift */ = {isa = PBXFileReference; lastKnownFileType = sourcecode.swift; path = MainView.swift; sourceTree = "<group>"; };
		026D7D602AF665AC00A424CC /* CoverImageView.swift */ = {isa = PBXFileReference; lastKnownFileType = sourcecode.swift; path = CoverImageView.swift; sourceTree = "<group>"; };
		026D7D632AF66A6400A424CC /* CoverImageModel.swift */ = {isa = PBXFileReference; lastKnownFileType = sourcecode.swift; path = CoverImageModel.swift; sourceTree = "<group>"; };
		026D7D662AF66BF000A424CC /* CodableBundleExtension.swift */ = {isa = PBXFileReference; lastKnownFileType = sourcecode.swift; path = CodableBundleExtension.swift; sourceTree = "<group>"; };
/* End PBXFileReference section */

/* Begin PBXFrameworksBuildPhase section */
		026D7D212AF6269D00A424CC /* Frameworks */ = {
			isa = PBXFrameworksBuildPhase;
			buildActionMask = 2147483647;
			files = (
			);
			runOnlyForDeploymentPostprocessing = 0;
		};
/* End PBXFrameworksBuildPhase section */

/* Begin PBXGroup section */
		020C2E242AF9849900465A70 /* Helper */ = {
			isa = PBXGroup;
			children = (
				020C2E252AF984B800465A70 /* VideoPlayerHelper.swift */,
			);
			path = Helper;
			sourceTree = "<group>";
		};
		026D7D1B2AF6269D00A424CC = {
			isa = PBXGroup;
			children = (
				026D7D262AF6269D00A424CC /* Africa */,
				026D7D252AF6269D00A424CC /* Products */,
			);
			sourceTree = "<group>";
		};
		026D7D252AF6269D00A424CC /* Products */ = {
			isa = PBXGroup;
			children = (
				026D7D242AF6269D00A424CC /* Africa.app */,
			);
			name = Products;
			sourceTree = "<group>";
		};
		026D7D262AF6269D00A424CC /* Africa */ = {
			isa = PBXGroup;
			children = (
				020C2E242AF9849900465A70 /* Helper */,
				026D7D562AF65C0300A424CC /* App */,
				026D7D5F2AF6659800A424CC /* View */,
				026D7D652AF66BAC00A424CC /* Extension */,
				026D7D622AF66A5200A424CC /* Model */,
				026D7D4A2AF6327500A424CC /* Data */,
				026D7D352AF6322400A424CC /* Video */,
				026D7D2B2AF6269E00A424CC /* Assets.xcassets */,
				026D7D532AF65AEF00A424CC /* Info.plist */,
				026D7D2D2AF6269E00A424CC /* Preview Content */,
			);
			path = Africa;
			sourceTree = "<group>";
		};
		026D7D2D2AF6269E00A424CC /* Preview Content */ = {
			isa = PBXGroup;
			children = (
				026D7D2E2AF6269E00A424CC /* Preview Assets.xcassets */,
			);
			path = "Preview Content";
			sourceTree = "<group>";
		};
		026D7D352AF6322400A424CC /* Video */ = {
			isa = PBXGroup;
			children = (
				026D7D3F2AF6324B00A424CC /* cheetah.mp4 */,
				026D7D3A2AF6324A00A424CC /* elephant.mp4 */,
				026D7D3E2AF6324B00A424CC /* giraffe.mp4 */,
				026D7D3B2AF6324A00A424CC /* gorilla.mp4 */,
				026D7D392AF6324A00A424CC /* hippo.mp4 */,
				026D7D372AF6324A00A424CC /* lion.mp4 */,
				026D7D382AF6324A00A424CC /* lioness.mp4 */,
				026D7D3C2AF6324B00A424CC /* ostrich.mp4 */,
				026D7D362AF6324900A424CC /* rhino.mp4 */,
				026D7D3D2AF6324B00A424CC /* zebra.mp4 */,
			);
			path = Video;
			sourceTree = "<group>";
		};
		026D7D4A2AF6327500A424CC /* Data */ = {
			isa = PBXGroup;
			children = (
				026D7D4D2AF6329400A424CC /* animals.json */,
				026D7D4C2AF6329300A424CC /* covers.json */,
				026D7D4E2AF6329400A424CC /* locations.json */,
				026D7D4B2AF6329300A424CC /* videos.json */,
			);
			path = Data;
			sourceTree = "<group>";
		};
		026D7D562AF65C0300A424CC /* App */ = {
			isa = PBXGroup;
			children = (
				026D7D272AF6269D00A424CC /* AfricaApp.swift */,
				026D7D292AF6269D00A424CC /* ContentView.swift */,
				026D7D572AF65C5300A424CC /* VideoListView.swift */,
				026D7D592AF65C6700A424CC /* MapView.swift */,
				026D7D5B2AF65C7600A424CC /* GalleryView.swift */,
				026D7D5D2AF65C8200A424CC /* MainView.swift */,
			);
			path = App;
			sourceTree = "<group>";
		};
		026D7D5F2AF6659800A424CC /* View */ = {
			isa = PBXGroup;
			children = (
				026D7D602AF665AC00A424CC /* CoverImageView.swift */,
				024E1BB42AF69B1500882FB1 /* AnimalListItemView.swift */,
				024E1BB82AF6A14B00882FB1 /* AnimalDetailView.swift */,
				024E1BE32AF6CD4200882FB1 /* HeadingView.swift */,
				024E1BE52AF6CE9200882FB1 /* InsetGalleryView.swift */,
				024E1BE72AF6D78A00882FB1 /* InsetFactView.swift */,
				024E1BE92AF6DC7C00882FB1 /* InsetMapView.swift */,
				020C2E1C2AF95BE000465A70 /* ExternalWebLink.swift */,
				020C2E202AF97D4E00465A70 /* VideoListItemView.swift */,
				020C2E222AF9837B00465A70 /* VideoPlayerView.swift */,
				026284102AFAB8A600437979 /* MapAnnotaionView.swift */,
				026284122AFABE5600437979 /* MotionAnimationView.swift */,
				026425B02AFB2D6F004703C3 /* AnimalGridITemView.swift */,
			);
			path = View;
			sourceTree = "<group>";
		};
		026D7D622AF66A5200A424CC /* Model */ = {
			isa = PBXGroup;
			children = (
				026D7D632AF66A6400A424CC /* CoverImageModel.swift */,
				024E1BB62AF69D2D00882FB1 /* AnimalModel.swift */,
				020C2E1E2AF97CED00465A70 /* VideoModel.swift */,
				020C2E272AF9898D00465A70 /* LocationModel.swift */,
			);
			path = Model;
			sourceTree = "<group>";
		};
		026D7D652AF66BAC00A424CC /* Extension */ = {
			isa = PBXGroup;
			children = (
				026D7D662AF66BF000A424CC /* CodableBundleExtension.swift */,
			);
			path = Extension;
			sourceTree = "<group>";
		};
/* End PBXGroup section */

/* Begin PBXNativeTarget section */
		026D7D232AF6269D00A424CC /* Africa */ = {
			isa = PBXNativeTarget;
			buildConfigurationList = 026D7D322AF6269E00A424CC /* Build configuration list for PBXNativeTarget "Africa" */;
			buildPhases = (
				026D7D202AF6269D00A424CC /* Sources */,
				026D7D212AF6269D00A424CC /* Frameworks */,
				026D7D222AF6269D00A424CC /* Resources */,
			);
			buildRules = (
			);
			dependencies = (
			);
			name = Africa;
			productName = Africa;
			productReference = 026D7D242AF6269D00A424CC /* Africa.app */;
			productType = "com.apple.product-type.application";
		};
/* End PBXNativeTarget section */

/* Begin PBXProject section */
		026D7D1C2AF6269D00A424CC /* Project object */ = {
			isa = PBXProject;
			attributes = {
				BuildIndependentTargetsInParallel = 1;
				LastSwiftUpdateCheck = 1430;
				LastUpgradeCheck = 1430;
				TargetAttributes = {
					026D7D232AF6269D00A424CC = {
						CreatedOnToolsVersion = 14.3.1;
					};
				};
			};
			buildConfigurationList = 026D7D1F2AF6269D00A424CC /* Build configuration list for PBXProject "Africa" */;
			compatibilityVersion = "Xcode 14.0";
			developmentRegion = en;
			hasScannedForEncodings = 0;
			knownRegions = (
				en,
				Base,
			);
			mainGroup = 026D7D1B2AF6269D00A424CC;
			productRefGroup = 026D7D252AF6269D00A424CC /* Products */;
			projectDirPath = "";
			projectRoot = "";
			targets = (
				026D7D232AF6269D00A424CC /* Africa */,
			);
		};
/* End PBXProject section */

/* Begin PBXResourcesBuildPhase section */
		026D7D222AF6269D00A424CC /* Resources */ = {
			isa = PBXResourcesBuildPhase;
			buildActionMask = 2147483647;
			files = (
				026D7D512AF6329400A424CC /* animals.json in Resources */,
				026D7D402AF6324B00A424CC /* rhino.mp4 in Resources */,
				026D7D522AF6329400A424CC /* locations.json in Resources */,
				026D7D412AF6324B00A424CC /* lion.mp4 in Resources */,
				026D7D422AF6324B00A424CC /* lioness.mp4 in Resources */,
				026D7D462AF6324B00A424CC /* ostrich.mp4 in Resources */,
				026D7D4F2AF6329400A424CC /* videos.json in Resources */,
				026D7D2F2AF6269E00A424CC /* Preview Assets.xcassets in Resources */,
				026D7D452AF6324B00A424CC /* gorilla.mp4 in Resources */,
				026D7D502AF6329400A424CC /* covers.json in Resources */,
				026D7D482AF6324B00A424CC /* giraffe.mp4 in Resources */,
				026D7D472AF6324B00A424CC /* zebra.mp4 in Resources */,
				026D7D492AF6324B00A424CC /* cheetah.mp4 in Resources */,
				026D7D442AF6324B00A424CC /* elephant.mp4 in Resources */,
				026D7D432AF6324B00A424CC /* hippo.mp4 in Resources */,
				026D7D2C2AF6269E00A424CC /* Assets.xcassets in Resources */,
			);
			runOnlyForDeploymentPostprocessing = 0;
		};
/* End PBXResourcesBuildPhase section */

/* Begin PBXSourcesBuildPhase section */
		026D7D202AF6269D00A424CC /* Sources */ = {
			isa = PBXSourcesBuildPhase;
			buildActionMask = 2147483647;
			files = (
				026D7D2A2AF6269D00A424CC /* ContentView.swift in Sources */,
				024E1BB52AF69B1500882FB1 /* AnimalListItemView.swift in Sources */,
				026D7D5E2AF65C8200A424CC /* MainView.swift in Sources */,
				024E1BE82AF6D78B00882FB1 /* InsetFactView.swift in Sources */,
				026D7D612AF665AC00A424CC /* CoverImageView.swift in Sources */,
				020C2E1D2AF95BE000465A70 /* ExternalWebLink.swift in Sources */,
				026D7D642AF66A6400A424CC /* CoverImageModel.swift in Sources */,
				024E1BB92AF6A14B00882FB1 /* AnimalDetailView.swift in Sources */,
				024E1BB72AF69D2D00882FB1 /* AnimalModel.swift in Sources */,
				026D7D5A2AF65C6700A424CC /* MapView.swift in Sources */,
				026425B12AFB2D6F004703C3 /* AnimalGridITemView.swift in Sources */,
				020C2E262AF984B800465A70 /* VideoPlayerHelper.swift in Sources */,
				024E1BEA2AF6DC7C00882FB1 /* InsetMapView.swift in Sources */,
				026D7D282AF6269D00A424CC /* AfricaApp.swift in Sources */,
				026D7D582AF65C5300A424CC /* VideoListView.swift in Sources */,
				020C2E1F2AF97CED00465A70 /* VideoModel.swift in Sources */,
				026D7D5C2AF65C7600A424CC /* GalleryView.swift in Sources */,
				020C2E282AF9898D00465A70 /* LocationModel.swift in Sources */,
				024E1BE62AF6CE9200882FB1 /* InsetGalleryView.swift in Sources */,
				020C2E212AF97D4E00465A70 /* VideoListItemView.swift in Sources */,
				026D7D672AF66BF000A424CC /* CodableBundleExtension.swift in Sources */,
				024E1BE42AF6CD4200882FB1 /* HeadingView.swift in Sources */,
				026284132AFABE5600437979 /* MotionAnimationView.swift in Sources */,
				026284112AFAB8A600437979 /* MapAnnotaionView.swift in Sources */,
				020C2E232AF9837B00465A70 /* VideoPlayerView.swift in Sources */,
			);
			runOnlyForDeploymentPostprocessing = 0;
		};
/* End PBXSourcesBuildPhase section */

/* Begin XCBuildConfiguration section */
		026D7D302AF6269E00A424CC /* Debug */ = {
			isa = XCBuildConfiguration;
			buildSettings = {
				ALWAYS_SEARCH_USER_PATHS = NO;
				CLANG_ANALYZER_NONNULL = YES;
				CLANG_ANALYZER_NUMBER_OBJECT_CONVERSION = YES_AGGRESSIVE;
				CLANG_CXX_LANGUAGE_STANDARD = "gnu++20";
				CLANG_ENABLE_MODULES = YES;
				CLANG_ENABLE_OBJC_ARC = YES;
				CLANG_ENABLE_OBJC_WEAK = YES;
				CLANG_WARN_BLOCK_CAPTURE_AUTORELEASING = YES;
				CLANG_WARN_BOOL_CONVERSION = YES;
				CLANG_WARN_COMMA = YES;
				CLANG_WARN_CONSTANT_CONVERSION = YES;
				CLANG_WARN_DEPRECATED_OBJC_IMPLEMENTATIONS = YES;
				CLANG_WARN_DIRECT_OBJC_ISA_USAGE = YES_ERROR;
				CLANG_WARN_DOCUMENTATION_COMMENTS = YES;
				CLANG_WARN_EMPTY_BODY = YES;
				CLANG_WARN_ENUM_CONVERSION = YES;
				CLANG_WARN_INFINITE_RECURSION = YES;
				CLANG_WARN_INT_CONVERSION = YES;
				CLANG_WARN_NON_LITERAL_NULL_CONVERSION = YES;
				CLANG_WARN_OBJC_IMPLICIT_RETAIN_SELF = YES;
				CLANG_WARN_OBJC_LITERAL_CONVERSION = YES;
				CLANG_WARN_OBJC_ROOT_CLASS = YES_ERROR;
				CLANG_WARN_QUOTED_INCLUDE_IN_FRAMEWORK_HEADER = YES;
				CLANG_WARN_RANGE_LOOP_ANALYSIS = YES;
				CLANG_WARN_STRICT_PROTOTYPES = YES;
				CLANG_WARN_SUSPICIOUS_MOVE = YES;
				CLANG_WARN_UNGUARDED_AVAILABILITY = YES_AGGRESSIVE;
				CLANG_WARN_UNREACHABLE_CODE = YES;
				CLANG_WARN__DUPLICATE_METHOD_MATCH = YES;
				COPY_PHASE_STRIP = NO;
				DEBUG_INFORMATION_FORMAT = dwarf;
				ENABLE_STRICT_OBJC_MSGSEND = YES;
				ENABLE_TESTABILITY = YES;
				GCC_C_LANGUAGE_STANDARD = gnu11;
				GCC_DYNAMIC_NO_PIC = NO;
				GCC_NO_COMMON_BLOCKS = YES;
				GCC_OPTIMIZATION_LEVEL = 0;
				GCC_PREPROCESSOR_DEFINITIONS = (
					"DEBUG=1",
					"$(inherited)",
				);
				GCC_WARN_64_TO_32_BIT_CONVERSION = YES;
				GCC_WARN_ABOUT_RETURN_TYPE = YES_ERROR;
				GCC_WARN_UNDECLARED_SELECTOR = YES;
				GCC_WARN_UNINITIALIZED_AUTOS = YES_AGGRESSIVE;
				GCC_WARN_UNUSED_FUNCTION = YES;
				GCC_WARN_UNUSED_VARIABLE = YES;
				IPHONEOS_DEPLOYMENT_TARGET = 16.4;
				MTL_ENABLE_DEBUG_INFO = INCLUDE_SOURCE;
				MTL_FAST_MATH = YES;
				ONLY_ACTIVE_ARCH = YES;
				SDKROOT = iphoneos;
				SWIFT_ACTIVE_COMPILATION_CONDITIONS = DEBUG;
				SWIFT_OPTIMIZATION_LEVEL = "-Onone";
			};
			name = Debug;
		};
		026D7D312AF6269E00A424CC /* Release */ = {
			isa = XCBuildConfiguration;
			buildSettings = {
				ALWAYS_SEARCH_USER_PATHS = NO;
				CLANG_ANALYZER_NONNULL = YES;
				CLANG_ANALYZER_NUMBER_OBJECT_CONVERSION = YES_AGGRESSIVE;
				CLANG_CXX_LANGUAGE_STANDARD = "gnu++20";
				CLANG_ENABLE_MODULES = YES;
				CLANG_ENABLE_OBJC_ARC = YES;
				CLANG_ENABLE_OBJC_WEAK = YES;
				CLANG_WARN_BLOCK_CAPTURE_AUTORELEASING = YES;
				CLANG_WARN_BOOL_CONVERSION = YES;
				CLANG_WARN_COMMA = YES;
				CLANG_WARN_CONSTANT_CONVERSION = YES;
				CLANG_WARN_DEPRECATED_OBJC_IMPLEMENTATIONS = YES;
				CLANG_WARN_DIRECT_OBJC_ISA_USAGE = YES_ERROR;
				CLANG_WARN_DOCUMENTATION_COMMENTS = YES;
				CLANG_WARN_EMPTY_BODY = YES;
				CLANG_WARN_ENUM_CONVERSION = YES;
				CLANG_WARN_INFINITE_RECURSION = YES;
				CLANG_WARN_INT_CONVERSION = YES;
				CLANG_WARN_NON_LITERAL_NULL_CONVERSION = YES;
				CLANG_WARN_OBJC_IMPLICIT_RETAIN_SELF = YES;
				CLANG_WARN_OBJC_LITERAL_CONVERSION = YES;
				CLANG_WARN_OBJC_ROOT_CLASS = YES_ERROR;
				CLANG_WARN_QUOTED_INCLUDE_IN_FRAMEWORK_HEADER = YES;
				CLANG_WARN_RANGE_LOOP_ANALYSIS = YES;
				CLANG_WARN_STRICT_PROTOTYPES = YES;
				CLANG_WARN_SUSPICIOUS_MOVE = YES;
				CLANG_WARN_UNGUARDED_AVAILABILITY = YES_AGGRESSIVE;
				CLANG_WARN_UNREACHABLE_CODE = YES;
				CLANG_WARN__DUPLICATE_METHOD_MATCH = YES;
				COPY_PHASE_STRIP = NO;
				DEBUG_INFORMATION_FORMAT = "dwarf-with-dsym";
				ENABLE_NS_ASSERTIONS = NO;
				ENABLE_STRICT_OBJC_MSGSEND = YES;
				GCC_C_LANGUAGE_STANDARD = gnu11;
				GCC_NO_COMMON_BLOCKS = YES;
				GCC_WARN_64_TO_32_BIT_CONVERSION = YES;
				GCC_WARN_ABOUT_RETURN_TYPE = YES_ERROR;
				GCC_WARN_UNDECLARED_SELECTOR = YES;
				GCC_WARN_UNINITIALIZED_AUTOS = YES_AGGRESSIVE;
				GCC_WARN_UNUSED_FUNCTION = YES;
				GCC_WARN_UNUSED_VARIABLE = YES;
				IPHONEOS_DEPLOYMENT_TARGET = 16.4;
				MTL_ENABLE_DEBUG_INFO = NO;
				MTL_FAST_MATH = YES;
				SDKROOT = iphoneos;
				SWIFT_COMPILATION_MODE = wholemodule;
				SWIFT_OPTIMIZATION_LEVEL = "-O";
				VALIDATE_PRODUCT = YES;
			};
			name = Release;
		};
		026D7D332AF6269E00A424CC /* Debug */ = {
			isa = XCBuildConfiguration;
			buildSettings = {
				ASSETCATALOG_COMPILER_APPICON_NAME = AppIcon;
				ASSETCATALOG_COMPILER_GLOBAL_ACCENT_COLOR_NAME = AccentColor;
				CODE_SIGN_STYLE = Automatic;
				CURRENT_PROJECT_VERSION = 1;
				DEVELOPMENT_ASSET_PATHS = "\"Africa/Preview Content\"";
				DEVELOPMENT_TEAM = 8R6X2J74TY;
				ENABLE_PREVIEWS = YES;
				GENERATE_INFOPLIST_FILE = YES;
				INFOPLIST_FILE = Africa/Info.plist;
				INFOPLIST_KEY_UIApplicationSceneManifest_Generation = YES;
				INFOPLIST_KEY_UIApplicationSupportsIndirectInputEvents = YES;
				INFOPLIST_KEY_UISupportedInterfaceOrientations_iPad = "UIInterfaceOrientationPortrait UIInterfaceOrientationPortraitUpsideDown UIInterfaceOrientationLandscapeLeft UIInterfaceOrientationLandscapeRight";
				INFOPLIST_KEY_UISupportedInterfaceOrientations_iPhone = "UIInterfaceOrientationPortrait UIInterfaceOrientationLandscapeLeft UIInterfaceOrientationLandscapeRight";
				INFOPLIST_KEY_UIUserInterfaceStyle = Dark;
				LD_RUNPATH_SEARCH_PATHS = (
					"$(inherited)",
					"@executable_path/Frameworks",
				);
				MARKETING_VERSION = 1.0;
				PRODUCT_BUNDLE_IDENTIFIER = com.erkanozturk.Africa;
				PRODUCT_NAME = "$(TARGET_NAME)";
				SWIFT_EMIT_LOC_STRINGS = YES;
				SWIFT_VERSION = 5.0;
				TARGETED_DEVICE_FAMILY = "1,2";
			};
			name = Debug;
		};
		026D7D342AF6269E00A424CC /* Release */ = {
			isa = XCBuildConfiguration;
			buildSettings = {
				ASSETCATALOG_COMPILER_APPICON_NAME = AppIcon;
				ASSETCATALOG_COMPILER_GLOBAL_ACCENT_COLOR_NAME = AccentColor;
				CODE_SIGN_STYLE = Automatic;
				CURRENT_PROJECT_VERSION = 1;
				DEVELOPMENT_ASSET_PATHS = "\"Africa/Preview Content\"";
				DEVELOPMENT_TEAM = 8R6X2J74TY;
				ENABLE_PREVIEWS = YES;
				GENERATE_INFOPLIST_FILE = YES;
				INFOPLIST_FILE = Africa/Info.plist;
				INFOPLIST_KEY_UIApplicationSceneManifest_Generation = YES;
				INFOPLIST_KEY_UIApplicationSupportsIndirectInputEvents = YES;
				INFOPLIST_KEY_UISupportedInterfaceOrientations_iPad = "UIInterfaceOrientationPortrait UIInterfaceOrientationPortraitUpsideDown UIInterfaceOrientationLandscapeLeft UIInterfaceOrientationLandscapeRight";
				INFOPLIST_KEY_UISupportedInterfaceOrientations_iPhone = "UIInterfaceOrientationPortrait UIInterfaceOrientationLandscapeLeft UIInterfaceOrientationLandscapeRight";
				INFOPLIST_KEY_UIUserInterfaceStyle = Dark;
				LD_RUNPATH_SEARCH_PATHS = (
					"$(inherited)",
					"@executable_path/Frameworks",
				);
				MARKETING_VERSION = 1.0;
				PRODUCT_BUNDLE_IDENTIFIER = com.erkanozturk.Africa;
				PRODUCT_NAME = "$(TARGET_NAME)";
				SWIFT_EMIT_LOC_STRINGS = YES;
				SWIFT_VERSION = 5.0;
				TARGETED_DEVICE_FAMILY = "1,2";
			};
			name = Release;
		};
/* End XCBuildConfiguration section */

/* Begin XCConfigurationList section */
		026D7D1F2AF6269D00A424CC /* Build configuration list for PBXProject "Africa" */ = {
			isa = XCConfigurationList;
			buildConfigurations = (
				026D7D302AF6269E00A424CC /* Debug */,
				026D7D312AF6269E00A424CC /* Release */,
			);
			defaultConfigurationIsVisible = 0;
			defaultConfigurationName = Release;
		};
		026D7D322AF6269E00A424CC /* Build configuration list for PBXNativeTarget "Africa" */ = {
			isa = XCConfigurationList;
			buildConfigurations = (
				026D7D332AF6269E00A424CC /* Debug */,
				026D7D342AF6269E00A424CC /* Release */,
			);
			defaultConfigurationIsVisible = 0;
			defaultConfigurationName = Release;
		};
/* End XCConfigurationList section */
	};
	rootObject = 026D7D1C2AF6269D00A424CC /* Project object */;
}
