// !$*UTF8*$!
{
	archiveVersion = 1;
	classes = {
	};
	objectVersion = 56;
	objects = {

/* Begin PBXBuildFile section */
		02B7A7082AE0F20000AD4DE6 /* CustomButtonView.swift in Sources */ = {isa = PBXBuildFile; fileRef = 02B7A7072AE0F20000AD4DE6 /* CustomButtonView.swift */; };
		02B7A70C2AE0FB6F00AD4DE6 /* GradientButtonStyle.swift in Sources */ = {isa = PBXBuildFile; fileRef = 02B7A70B2AE0FB6F00AD4DE6 /* GradientButtonStyle.swift */; };
		02B7A70E2AE1004400AD4DE6 /* CustomCircleView.swift in Sources */ = {isa = PBXBuildFile; fileRef = 02B7A70D2AE1004400AD4DE6 /* CustomCircleView.swift */; };
		02B7A7102AE1019600AD4DE6 /* MotionAnimationView.swift in Sources */ = {isa = PBXBuildFile; fileRef = 02B7A70F2AE1019600AD4DE6 /* MotionAnimationView.swift */; };
		02B7A7132AE111A200AD4DE6 /* SettingsView.swift in Sources */ = {isa = PBXBuildFile; fileRef = 02B7A7122AE111A200AD4DE6 /* SettingsView.swift */; };
		02B7A7152AE11CCF00AD4DE6 /* CustomListRowView.swift in Sources */ = {isa = PBXBuildFile; fileRef = 02B7A7142AE11CCF00AD4DE6 /* CustomListRowView.swift */; };
		02EC30FB2AE00F54002B0023 /* HikeApp.swift in Sources */ = {isa = PBXBuildFile; fileRef = 02EC30FA2AE00F54002B0023 /* HikeApp.swift */; };
		02EC30FD2AE00F54002B0023 /* ContentView.swift in Sources */ = {isa = PBXBuildFile; fileRef = 02EC30FC2AE00F54002B0023 /* ContentView.swift */; };
		02EC30FF2AE00F56002B0023 /* Assets.xcassets in Resources */ = {isa = PBXBuildFile; fileRef = 02EC30FE2AE00F56002B0023 /* Assets.xcassets */; };
		02EC31022AE00F56002B0023 /* Preview Assets.xcassets in Resources */ = {isa = PBXBuildFile; fileRef = 02EC31012AE00F56002B0023 /* Preview Assets.xcassets */; };
		02EC31092AE011E0002B0023 /* CardView.swift in Sources */ = {isa = PBXBuildFile; fileRef = 02EC31082AE011E0002B0023 /* CardView.swift */; };
		02EC310C2AE01394002B0023 /* CustomBackgroundView.swift in Sources */ = {isa = PBXBuildFile; fileRef = 02EC310B2AE01394002B0023 /* CustomBackgroundView.swift */; };
		02EC310F2AE0152E002B0023 /* ColorExtension.swift in Sources */ = {isa = PBXBuildFile; fileRef = 02EC310E2AE0152E002B0023 /* ColorExtension.swift */; };
/* End PBXBuildFile section */

/* Begin PBXFileReference section */
		02B7A7072AE0F20000AD4DE6 /* CustomButtonView.swift */ = {isa = PBXFileReference; lastKnownFileType = sourcecode.swift; path = CustomButtonView.swift; sourceTree = "<group>"; };
		02B7A70B2AE0FB6F00AD4DE6 /* GradientButtonStyle.swift */ = {isa = PBXFileReference; lastKnownFileType = sourcecode.swift; path = GradientButtonStyle.swift; sourceTree = "<group>"; };
		02B7A70D2AE1004400AD4DE6 /* CustomCircleView.swift */ = {isa = PBXFileReference; lastKnownFileType = sourcecode.swift; path = CustomCircleView.swift; sourceTree = "<group>"; };
		02B7A70F2AE1019600AD4DE6 /* MotionAnimationView.swift */ = {isa = PBXFileReference; lastKnownFileType = sourcecode.swift; path = MotionAnimationView.swift; sourceTree = "<group>"; };
		02B7A7122AE111A200AD4DE6 /* SettingsView.swift */ = {isa = PBXFileReference; lastKnownFileType = sourcecode.swift; path = SettingsView.swift; sourceTree = "<group>"; };
		02B7A7142AE11CCF00AD4DE6 /* CustomListRowView.swift */ = {isa = PBXFileReference; lastKnownFileType = sourcecode.swift; path = CustomListRowView.swift; sourceTree = "<group>"; };
		02EC30F72AE00F54002B0023 /* Hike.app */ = {isa = PBXFileReference; explicitFileType = wrapper.application; includeInIndex = 0; path = Hike.app; sourceTree = BUILT_PRODUCTS_DIR; };
		02EC30FA2AE00F54002B0023 /* HikeApp.swift */ = {isa = PBXFileReference; lastKnownFileType = sourcecode.swift; path = HikeApp.swift; sourceTree = "<group>"; };
		02EC30FC2AE00F54002B0023 /* ContentView.swift */ = {isa = PBXFileReference; lastKnownFileType = sourcecode.swift; path = ContentView.swift; sourceTree = "<group>"; };
		02EC30FE2AE00F56002B0023 /* Assets.xcassets */ = {isa = PBXFileReference; lastKnownFileType = folder.assetcatalog; path = Assets.xcassets; sourceTree = "<group>"; };
		02EC31012AE00F56002B0023 /* Preview Assets.xcassets */ = {isa = PBXFileReference; lastKnownFileType = folder.assetcatalog; path = "Preview Assets.xcassets"; sourceTree = "<group>"; };
		02EC31082AE011E0002B0023 /* CardView.swift */ = {isa = PBXFileReference; lastKnownFileType = sourcecode.swift; path = CardView.swift; sourceTree = "<group>"; };
		02EC310B2AE01394002B0023 /* CustomBackgroundView.swift */ = {isa = PBXFileReference; lastKnownFileType = sourcecode.swift; path = CustomBackgroundView.swift; sourceTree = "<group>"; };
		02EC310E2AE0152E002B0023 /* ColorExtension.swift */ = {isa = PBXFileReference; lastKnownFileType = sourcecode.swift; path = ColorExtension.swift; sourceTree = "<group>"; };
/* End PBXFileReference section */

/* Begin PBXFrameworksBuildPhase section */
		02EC30F42AE00F54002B0023 /* Frameworks */ = {
			isa = PBXFrameworksBuildPhase;
			buildActionMask = 2147483647;
			files = (
			);
			runOnlyForDeploymentPostprocessing = 0;
		};
/* End PBXFrameworksBuildPhase section */

/* Begin PBXGroup section */
		02B7A7112AE1118A00AD4DE6 /* Screen */ = {
			isa = PBXGroup;
			children = (
				02EC30FC2AE00F54002B0023 /* ContentView.swift */,
				02B7A7122AE111A200AD4DE6 /* SettingsView.swift */,
			);
			path = Screen;
			sourceTree = "<group>";
		};
		02EC30EE2AE00F54002B0023 = {
			isa = PBXGroup;
			children = (
				02EC30F92AE00F54002B0023 /* Hike */,
				02EC30F82AE00F54002B0023 /* Products */,
			);
			sourceTree = "<group>";
		};
		02EC30F82AE00F54002B0023 /* Products */ = {
			isa = PBXGroup;
			children = (
				02EC30F72AE00F54002B0023 /* Hike.app */,
			);
			name = Products;
			sourceTree = "<group>";
		};
		02EC30F92AE00F54002B0023 /* Hike */ = {
			isa = PBXGroup;
			children = (
				02EC310A2AE01375002B0023 /* Component */,
				02EC310D2AE0150E002B0023 /* Utility */,
				02EC31002AE00F56002B0023 /* Preview Content */,
				02EC30FA2AE00F54002B0023 /* HikeApp.swift */,
				02B7A7112AE1118A00AD4DE6 /* Screen */,
				02EC30FE2AE00F56002B0023 /* Assets.xcassets */,
			);
			path = Hike;
			sourceTree = "<group>";
		};
		02EC31002AE00F56002B0023 /* Preview Content */ = {
			isa = PBXGroup;
			children = (
				02EC31012AE00F56002B0023 /* Preview Assets.xcassets */,
			);
			path = "Preview Content";
			sourceTree = "<group>";
		};
		02EC310A2AE01375002B0023 /* Component */ = {
			isa = PBXGroup;
			children = (
				02EC31082AE011E0002B0023 /* CardView.swift */,
				02EC310B2AE01394002B0023 /* CustomBackgroundView.swift */,
				02B7A7072AE0F20000AD4DE6 /* CustomButtonView.swift */,
				02B7A70D2AE1004400AD4DE6 /* CustomCircleView.swift */,
				02B7A70F2AE1019600AD4DE6 /* MotionAnimationView.swift */,
				02B7A7142AE11CCF00AD4DE6 /* CustomListRowView.swift */,
			);
			path = Component;
			sourceTree = "<group>";
		};
		02EC310D2AE0150E002B0023 /* Utility */ = {
			isa = PBXGroup;
			children = (
				02EC310E2AE0152E002B0023 /* ColorExtension.swift */,
				02B7A70B2AE0FB6F00AD4DE6 /* GradientButtonStyle.swift */,
			);
			path = Utility;
			sourceTree = "<group>";
		};
/* End PBXGroup section */

/* Begin PBXNativeTarget section */
		02EC30F62AE00F54002B0023 /* Hike */ = {
			isa = PBXNativeTarget;
			buildConfigurationList = 02EC31052AE00F56002B0023 /* Build configuration list for PBXNativeTarget "Hike" */;
			buildPhases = (
				02EC30F32AE00F54002B0023 /* Sources */,
				02EC30F42AE00F54002B0023 /* Frameworks */,
				02EC30F52AE00F54002B0023 /* Resources */,
			);
			buildRules = (
			);
			dependencies = (
			);
			name = Hike;
			productName = Hike;
			productReference = 02EC30F72AE00F54002B0023 /* Hike.app */;
			productType = "com.apple.product-type.application";
		};
/* End PBXNativeTarget section */

/* Begin PBXProject section */
		02EC30EF2AE00F54002B0023 /* Project object */ = {
			isa = PBXProject;
			attributes = {
				BuildIndependentTargetsInParallel = 1;
				LastSwiftUpdateCheck = 1430;
				LastUpgradeCheck = 1430;
				TargetAttributes = {
					02EC30F62AE00F54002B0023 = {
						CreatedOnToolsVersion = 14.3.1;
					};
				};
			};
			buildConfigurationList = 02EC30F22AE00F54002B0023 /* Build configuration list for PBXProject "Hike" */;
			compatibilityVersion = "Xcode 14.0";
			developmentRegion = en;
			hasScannedForEncodings = 0;
			knownRegions = (
				en,
				Base,
			);
			mainGroup = 02EC30EE2AE00F54002B0023;
			productRefGroup = 02EC30F82AE00F54002B0023 /* Products */;
			projectDirPath = "";
			projectRoot = "";
			targets = (
				02EC30F62AE00F54002B0023 /* Hike */,
			);
		};
/* End PBXProject section */

/* Begin PBXResourcesBuildPhase section */
		02EC30F52AE00F54002B0023 /* Resources */ = {
			isa = PBXResourcesBuildPhase;
			buildActionMask = 2147483647;
			files = (
				02EC31022AE00F56002B0023 /* Preview Assets.xcassets in Resources */,
				02EC30FF2AE00F56002B0023 /* Assets.xcassets in Resources */,
			);
			runOnlyForDeploymentPostprocessing = 0;
		};
/* End PBXResourcesBuildPhase section */

/* Begin PBXSourcesBuildPhase section */
		02EC30F32AE00F54002B0023 /* Sources */ = {
			isa = PBXSourcesBuildPhase;
			buildActionMask = 2147483647;
			files = (
				02EC30FD2AE00F54002B0023 /* ContentView.swift in Sources */,
				02B7A70E2AE1004400AD4DE6 /* CustomCircleView.swift in Sources */,
				02B7A7152AE11CCF00AD4DE6 /* CustomListRowView.swift in Sources */,
				02EC31092AE011E0002B0023 /* CardView.swift in Sources */,
				02EC30FB2AE00F54002B0023 /* HikeApp.swift in Sources */,
				02B7A7082AE0F20000AD4DE6 /* CustomButtonView.swift in Sources */,
				02B7A7132AE111A200AD4DE6 /* SettingsView.swift in Sources */,
				02B7A70C2AE0FB6F00AD4DE6 /* GradientButtonStyle.swift in Sources */,
				02B7A7102AE1019600AD4DE6 /* MotionAnimationView.swift in Sources */,
				02EC310C2AE01394002B0023 /* CustomBackgroundView.swift in Sources */,
				02EC310F2AE0152E002B0023 /* ColorExtension.swift in Sources */,
			);
			runOnlyForDeploymentPostprocessing = 0;
		};
/* End PBXSourcesBuildPhase section */

/* Begin XCBuildConfiguration section */
		02EC31032AE00F56002B0023 /* Debug */ = {
			isa = XCBuildConfiguration;
			buildSettings = {
				ALWAYS_SEARCH_USER_PATHS = NO;
				CLANG_ANALYZER_NONNULL = YES;
				CLANG_ANALYZER_NUMBER_OBJECT_CONVERSION = YES_AGGRESSIVE;
				CLANG_CXX_LANGUAGE_STANDARD = "gnu++20";
				CLANG_ENABLE_MODULES = YES;
				CLANG_ENABLE_OBJC_ARC = YES;
				CLANG_ENABLE_OBJC_WEAK = YES;
				CLANG_WARN_BLOCK_CAPTURE_AUTORELEASING = YES;
				CLANG_WARN_BOOL_CONVERSION = YES;
				CLANG_WARN_COMMA = YES;
				CLANG_WARN_CONSTANT_CONVERSION = YES;
				CLANG_WARN_DEPRECATED_OBJC_IMPLEMENTATIONS = YES;
				CLANG_WARN_DIRECT_OBJC_ISA_USAGE = YES_ERROR;
				CLANG_WARN_DOCUMENTATION_COMMENTS = YES;
				CLANG_WARN_EMPTY_BODY = YES;
				CLANG_WARN_ENUM_CONVERSION = YES;
				CLANG_WARN_INFINITE_RECURSION = YES;
				CLANG_WARN_INT_CONVERSION = YES;
				CLANG_WARN_NON_LITERAL_NULL_CONVERSION = YES;
				CLANG_WARN_OBJC_IMPLICIT_RETAIN_SELF = YES;
				CLANG_WARN_OBJC_LITERAL_CONVERSION = YES;
				CLANG_WARN_OBJC_ROOT_CLASS = YES_ERROR;
				CLANG_WARN_QUOTED_INCLUDE_IN_FRAMEWORK_HEADER = YES;
				CLANG_WARN_RANGE_LOOP_ANALYSIS = YES;
				CLANG_WARN_STRICT_PROTOTYPES = YES;
				CLANG_WARN_SUSPICIOUS_MOVE = YES;
				CLANG_WARN_UNGUARDED_AVAILABILITY = YES_AGGRESSIVE;
				CLANG_WARN_UNREACHABLE_CODE = YES;
				CLANG_WARN__DUPLICATE_METHOD_MATCH = YES;
				COPY_PHASE_STRIP = NO;
				DEBUG_INFORMATION_FORMAT = dwarf;
				ENABLE_STRICT_OBJC_MSGSEND = YES;
				ENABLE_TESTABILITY = YES;
				GCC_C_LANGUAGE_STANDARD = gnu11;
				GCC_DYNAMIC_NO_PIC = NO;
				GCC_NO_COMMON_BLOCKS = YES;
				GCC_OPTIMIZATION_LEVEL = 0;
				GCC_PREPROCESSOR_DEFINITIONS = (
					"DEBUG=1",
					"$(inherited)",
				);
				GCC_WARN_64_TO_32_BIT_CONVERSION = YES;
				GCC_WARN_ABOUT_RETURN_TYPE = YES_ERROR;
				GCC_WARN_UNDECLARED_SELECTOR = YES;
				GCC_WARN_UNINITIALIZED_AUTOS = YES_AGGRESSIVE;
				GCC_WARN_UNUSED_FUNCTION = YES;
				GCC_WARN_UNUSED_VARIABLE = YES;
				IPHONEOS_DEPLOYMENT_TARGET = 16.4;
				MTL_ENABLE_DEBUG_INFO = INCLUDE_SOURCE;
				MTL_FAST_MATH = YES;
				ONLY_ACTIVE_ARCH = YES;
				SDKROOT = iphoneos;
				SWIFT_ACTIVE_COMPILATION_CONDITIONS = DEBUG;
				SWIFT_OPTIMIZATION_LEVEL = "-Onone";
			};
			name = Debug;
		};
		02EC31042AE00F56002B0023 /* Release */ = {
			isa = XCBuildConfiguration;
			buildSettings = {
				ALWAYS_SEARCH_USER_PATHS = NO;
				CLANG_ANALYZER_NONNULL = YES;
				CLANG_ANALYZER_NUMBER_OBJECT_CONVERSION = YES_AGGRESSIVE;
				CLANG_CXX_LANGUAGE_STANDARD = "gnu++20";
				CLANG_ENABLE_MODULES = YES;
				CLANG_ENABLE_OBJC_ARC = YES;
				CLANG_ENABLE_OBJC_WEAK = YES;
				CLANG_WARN_BLOCK_CAPTURE_AUTORELEASING = YES;
				CLANG_WARN_BOOL_CONVERSION = YES;
				CLANG_WARN_COMMA = YES;
				CLANG_WARN_CONSTANT_CONVERSION = YES;
				CLANG_WARN_DEPRECATED_OBJC_IMPLEMENTATIONS = YES;
				CLANG_WARN_DIRECT_OBJC_ISA_USAGE = YES_ERROR;
				CLANG_WARN_DOCUMENTATION_COMMENTS = YES;
				CLANG_WARN_EMPTY_BODY = YES;
				CLANG_WARN_ENUM_CONVERSION = YES;
				CLANG_WARN_INFINITE_RECURSION = YES;
				CLANG_WARN_INT_CONVERSION = YES;
				CLANG_WARN_NON_LITERAL_NULL_CONVERSION = YES;
				CLANG_WARN_OBJC_IMPLICIT_RETAIN_SELF = YES;
				CLANG_WARN_OBJC_LITERAL_CONVERSION = YES;
				CLANG_WARN_OBJC_ROOT_CLASS = YES_ERROR;
				CLANG_WARN_QUOTED_INCLUDE_IN_FRAMEWORK_HEADER = YES;
				CLANG_WARN_RANGE_LOOP_ANALYSIS = YES;
				CLANG_WARN_STRICT_PROTOTYPES = YES;
				CLANG_WARN_SUSPICIOUS_MOVE = YES;
				CLANG_WARN_UNGUARDED_AVAILABILITY = YES_AGGRESSIVE;
				CLANG_WARN_UNREACHABLE_CODE = YES;
				CLANG_WARN__DUPLICATE_METHOD_MATCH = YES;
				COPY_PHASE_STRIP = NO;
				DEBUG_INFORMATION_FORMAT = "dwarf-with-dsym";
				ENABLE_NS_ASSERTIONS = NO;
				ENABLE_STRICT_OBJC_MSGSEND = YES;
				GCC_C_LANGUAGE_STANDARD = gnu11;
				GCC_NO_COMMON_BLOCKS = YES;
				GCC_WARN_64_TO_32_BIT_CONVERSION = YES;
				GCC_WARN_ABOUT_RETURN_TYPE = YES_ERROR;
				GCC_WARN_UNDECLARED_SELECTOR = YES;
				GCC_WARN_UNINITIALIZED_AUTOS = YES_AGGRESSIVE;
				GCC_WARN_UNUSED_FUNCTION = YES;
				GCC_WARN_UNUSED_VARIABLE = YES;
				IPHONEOS_DEPLOYMENT_TARGET = 16.4;
				MTL_ENABLE_DEBUG_INFO = NO;
				MTL_FAST_MATH = YES;
				SDKROOT = iphoneos;
				SWIFT_COMPILATION_MODE = wholemodule;
				SWIFT_OPTIMIZATION_LEVEL = "-O";
				VALIDATE_PRODUCT = YES;
			};
			name = Release;
		};
		02EC31062AE00F56002B0023 /* Debug */ = {
			isa = XCBuildConfiguration;
			buildSettings = {
				ASSETCATALOG_COMPILER_ALTERNATE_APPICON_NAMES = "AppIcon-MagnifyingGlass AppIcon-Map AppIcon-Mushroom AppIcon-Camera AppIcon-Backpack AppIcon-Campfire";
				ASSETCATALOG_COMPILER_APPICON_NAME = AppIcon;
				ASSETCATALOG_COMPILER_GLOBAL_ACCENT_COLOR_NAME = AccentColor;
				ASSETCATALOG_COMPILER_INCLUDE_ALL_APPICON_ASSETS = YES;
				CODE_SIGN_STYLE = Automatic;
				CURRENT_PROJECT_VERSION = 1;
				DEVELOPMENT_ASSET_PATHS = "\"Hike/Preview Content\"";
				DEVELOPMENT_TEAM = 8R6X2J74TY;
				ENABLE_PREVIEWS = YES;
				GENERATE_INFOPLIST_FILE = YES;
				INFOPLIST_KEY_UIApplicationSceneManifest_Generation = YES;
				INFOPLIST_KEY_UIApplicationSupportsIndirectInputEvents = YES;
				INFOPLIST_KEY_UILaunchScreen_Generation = YES;
				INFOPLIST_KEY_UISupportedInterfaceOrientations_iPad = "UIInterfaceOrientationPortrait UIInterfaceOrientationPortraitUpsideDown UIInterfaceOrientationLandscapeLeft UIInterfaceOrientationLandscapeRight";
				INFOPLIST_KEY_UISupportedInterfaceOrientations_iPhone = "UIInterfaceOrientationPortrait UIInterfaceOrientationLandscapeLeft UIInterfaceOrientationLandscapeRight";
				LD_RUNPATH_SEARCH_PATHS = (
					"$(inherited)",
					"@executable_path/Frameworks",
				);
				MARKETING_VERSION = 1.0;
				PRODUCT_BUNDLE_IDENTIFIER = com.erkanozturk.Hike;
				PRODUCT_NAME = "$(TARGET_NAME)";
				SWIFT_EMIT_LOC_STRINGS = YES;
				SWIFT_VERSION = 5.0;
				TARGETED_DEVICE_FAMILY = "1,2";
			};
			name = Debug;
		};
		02EC31072AE00F56002B0023 /* Release */ = {
			isa = XCBuildConfiguration;
			buildSettings = {
				ASSETCATALOG_COMPILER_ALTERNATE_APPICON_NAMES = "AppIcon-MagnifyingGlass AppIcon-Map AppIcon-Mushroom AppIcon-Camera AppIcon-Backpack AppIcon-Campfire";
				ASSETCATALOG_COMPILER_APPICON_NAME = AppIcon;
				ASSETCATALOG_COMPILER_GLOBAL_ACCENT_COLOR_NAME = AccentColor;
				ASSETCATALOG_COMPILER_INCLUDE_ALL_APPICON_ASSETS = YES;
				CODE_SIGN_STYLE = Automatic;
				CURRENT_PROJECT_VERSION = 1;
				DEVELOPMENT_ASSET_PATHS = "\"Hike/Preview Content\"";
				DEVELOPMENT_TEAM = 8R6X2J74TY;
				ENABLE_PREVIEWS = YES;
				GENERATE_INFOPLIST_FILE = YES;
				INFOPLIST_KEY_UIApplicationSceneManifest_Generation = YES;
				INFOPLIST_KEY_UIApplicationSupportsIndirectInputEvents = YES;
				INFOPLIST_KEY_UILaunchScreen_Generation = YES;
				INFOPLIST_KEY_UISupportedInterfaceOrientations_iPad = "UIInterfaceOrientationPortrait UIInterfaceOrientationPortraitUpsideDown UIInterfaceOrientationLandscapeLeft UIInterfaceOrientationLandscapeRight";
				INFOPLIST_KEY_UISupportedInterfaceOrientations_iPhone = "UIInterfaceOrientationPortrait UIInterfaceOrientationLandscapeLeft UIInterfaceOrientationLandscapeRight";
				LD_RUNPATH_SEARCH_PATHS = (
					"$(inherited)",
					"@executable_path/Frameworks",
				);
				MARKETING_VERSION = 1.0;
				PRODUCT_BUNDLE_IDENTIFIER = com.erkanozturk.Hike;
				PRODUCT_NAME = "$(TARGET_NAME)";
				SWIFT_EMIT_LOC_STRINGS = YES;
				SWIFT_VERSION = 5.0;
				TARGETED_DEVICE_FAMILY = "1,2";
			};
			name = Release;
		};
/* End XCBuildConfiguration section */

/* Begin XCConfigurationList section */
		02EC30F22AE00F54002B0023 /* Build configuration list for PBXProject "Hike" */ = {
			isa = XCConfigurationList;
			buildConfigurations = (
				02EC31032AE00F56002B0023 /* Debug */,
				02EC31042AE00F56002B0023 /* Release */,
			);
			defaultConfigurationIsVisible = 0;
			defaultConfigurationName = Release;
		};
		02EC31052AE00F56002B0023 /* Build configuration list for PBXNativeTarget "Hike" */ = {
			isa = XCConfigurationList;
			buildConfigurations = (
				02EC31062AE00F56002B0023 /* Debug */,
				02EC31072AE00F56002B0023 /* Release */,
			);
			defaultConfigurationIsVisible = 0;
			defaultConfigurationName = Release;
		};
/* End XCConfigurationList section */
	};
	rootObject = 02EC30EF2AE00F54002B0023 /* Project object */;
}
